// !$*UTF8*$!
{
	archiveVersion = 1;
	classes = {
	};
	objectVersion = 56;
	objects = {

/* Begin PBXBuildFile section */
		BE2AFB282C4E280400C6718C /* AppDelegate.swift in Sources */ = {isa = PBXBuildFile; fileRef = BE2AFB272C4E280400C6718C /* AppDelegate.swift */; };
		BE2AFB2A2C4E280400C6718C /* SceneDelegate.swift in Sources */ = {isa = PBXBuildFile; fileRef = BE2AFB292C4E280400C6718C /* SceneDelegate.swift */; };
		BE2AFB2C2C4E280400C6718C /* ViewController.swift in Sources */ = {isa = PBXBuildFile; fileRef = BE2AFB2B2C4E280400C6718C /* ViewController.swift */; };
		BE2AFB312C4E280700C6718C /* Assets.xcassets in Resources */ = {isa = PBXBuildFile; fileRef = BE2AFB302C4E280700C6718C /* Assets.xcassets */; };
		BE2AFB342C4E280700C6718C /* Base in Resources */ = {isa = PBXBuildFile; fileRef = BE2AFB332C4E280700C6718C /* Base */; };
		BE2AFB3C2C4E28AE00C6718C /* .gitignore in Resources */ = {isa = PBXBuildFile; fileRef = BE2AFB3B2C4E28AE00C6718C /* .gitignore */; };
		BE2AFB3E2C4E28DA00C6718C /* .gitmessage.txt in Resources */ = {isa = PBXBuildFile; fileRef = BE2AFB3D2C4E28DA00C6718C /* .gitmessage.txt */; };
/* End PBXBuildFile section */

/* Begin PBXFileReference section */
		BE2AFB242C4E280400C6718C /* Polaroid.app */ = {isa = PBXFileReference; explicitFileType = wrapper.application; includeInIndex = 0; path = Polaroid.app; sourceTree = BUILT_PRODUCTS_DIR; };
		BE2AFB272C4E280400C6718C /* AppDelegate.swift */ = {isa = PBXFileReference; lastKnownFileType = sourcecode.swift; path = AppDelegate.swift; sourceTree = "<group>"; };
		BE2AFB292C4E280400C6718C /* SceneDelegate.swift */ = {isa = PBXFileReference; lastKnownFileType = sourcecode.swift; path = SceneDelegate.swift; sourceTree = "<group>"; };
		BE2AFB2B2C4E280400C6718C /* ViewController.swift */ = {isa = PBXFileReference; lastKnownFileType = sourcecode.swift; path = ViewController.swift; sourceTree = "<group>"; };
		BE2AFB302C4E280700C6718C /* Assets.xcassets */ = {isa = PBXFileReference; lastKnownFileType = folder.assetcatalog; path = Assets.xcassets; sourceTree = "<group>"; };
		BE2AFB332C4E280700C6718C /* Base */ = {isa = PBXFileReference; lastKnownFileType = file.storyboard; name = Base; path = Base.lproj/LaunchScreen.storyboard; sourceTree = "<group>"; };
		BE2AFB352C4E280700C6718C /* Info.plist */ = {isa = PBXFileReference; lastKnownFileType = text.plist.xml; path = Info.plist; sourceTree = "<group>"; };
		BE2AFB3B2C4E28AE00C6718C /* .gitignore */ = {isa = PBXFileReference; lastKnownFileType = text; path = .gitignore; sourceTree = "<group>"; };
		BE2AFB3D2C4E28DA00C6718C /* .gitmessage.txt */ = {isa = PBXFileReference; lastKnownFileType = text; path = .gitmessage.txt; sourceTree = "<group>"; };
/* End PBXFileReference section */

/* Begin PBXFrameworksBuildPhase section */
		BE2AFB212C4E280400C6718C /* Frameworks */ = {
			isa = PBXFrameworksBuildPhase;
			buildActionMask = 2147483647;
			files = (
			);
			runOnlyForDeploymentPostprocessing = 0;
		};
/* End PBXFrameworksBuildPhase section */

/* Begin PBXGroup section */
		BE2AFB1B2C4E280400C6718C = {
			isa = PBXGroup;
			children = (
				BE2AFB3D2C4E28DA00C6718C /* .gitmessage.txt */,
				BE2AFB3B2C4E28AE00C6718C /* .gitignore */,
				BE2AFB262C4E280400C6718C /* Polaroid */,
				BE2AFB252C4E280400C6718C /* Products */,
			);
			sourceTree = "<group>";
		};
		BE2AFB252C4E280400C6718C /* Products */ = {
			isa = PBXGroup;
			children = (
				BE2AFB242C4E280400C6718C /* Polaroid.app */,
			);
			name = Products;
			sourceTree = "<group>";
		};
		BE2AFB262C4E280400C6718C /* Polaroid */ = {
			isa = PBXGroup;
			children = (
				BE2AFB402C4E2A9000C6718C /* Sources */,
				BE2AFB3F2C4E2A8B00C6718C /* Resources */,
			);
			path = Polaroid;
			sourceTree = "<group>";
		};
		BE2AFB3F2C4E2A8B00C6718C /* Resources */ = {
			isa = PBXGroup;
			children = (
				BE2AFB302C4E280700C6718C /* Assets.xcassets */,
				BE2AFB322C4E280700C6718C /* LaunchScreen.storyboard */,
				BE2AFB352C4E280700C6718C /* Info.plist */,
			);
			path = Resources;
			sourceTree = "<group>";
		};
		BE2AFB402C4E2A9000C6718C /* Sources */ = {
			isa = PBXGroup;
			children = (
				BE2AFB412C4E2A9800C6718C /* App */,
				BE2AFB422C4E2A9C00C6718C /* Presentation */,
			);
			path = Sources;
			sourceTree = "<group>";
		};
		BE2AFB412C4E2A9800C6718C /* App */ = {
			isa = PBXGroup;
			children = (
				BE2AFB272C4E280400C6718C /* AppDelegate.swift */,
				BE2AFB292C4E280400C6718C /* SceneDelegate.swift */,
			);
			path = App;
			sourceTree = "<group>";
		};
		BE2AFB422C4E2A9C00C6718C /* Presentation */ = {
			isa = PBXGroup;
			children = (
				BE2AFB2B2C4E280400C6718C /* ViewController.swift */,
			);
			path = Presentation;
			sourceTree = "<group>";
		};
/* End PBXGroup section */

/* Begin PBXNativeTarget section */
		BE2AFB232C4E280400C6718C /* Polaroid */ = {
			isa = PBXNativeTarget;
			buildConfigurationList = BE2AFB382C4E280700C6718C /* Build configuration list for PBXNativeTarget "Polaroid" */;
			buildPhases = (
				BE2AFB202C4E280400C6718C /* Sources */,
				BE2AFB212C4E280400C6718C /* Frameworks */,
				BE2AFB222C4E280400C6718C /* Resources */,
			);
			buildRules = (
			);
			dependencies = (
			);
			name = Polaroid;
			productName = Polaroid;
			productReference = BE2AFB242C4E280400C6718C /* Polaroid.app */;
			productType = "com.apple.product-type.application";
		};
/* End PBXNativeTarget section */

/* Begin PBXProject section */
		BE2AFB1C2C4E280400C6718C /* Project object */ = {
			isa = PBXProject;
			attributes = {
				BuildIndependentTargetsInParallel = 1;
				LastSwiftUpdateCheck = 1540;
				LastUpgradeCheck = 1540;
				TargetAttributes = {
					BE2AFB232C4E280400C6718C = {
						CreatedOnToolsVersion = 15.4;
					};
				};
			};
			buildConfigurationList = BE2AFB1F2C4E280400C6718C /* Build configuration list for PBXProject "Polaroid" */;
			compatibilityVersion = "Xcode 14.0";
			developmentRegion = en;
			hasScannedForEncodings = 0;
			knownRegions = (
				en,
				Base,
			);
			mainGroup = BE2AFB1B2C4E280400C6718C;
			productRefGroup = BE2AFB252C4E280400C6718C /* Products */;
			projectDirPath = "";
			projectRoot = "";
			targets = (
				BE2AFB232C4E280400C6718C /* Polaroid */,
			);
		};
/* End PBXProject section */

/* Begin PBXResourcesBuildPhase section */
		BE2AFB222C4E280400C6718C /* Resources */ = {
			isa = PBXResourcesBuildPhase;
			buildActionMask = 2147483647;
			files = (
				BE2AFB3C2C4E28AE00C6718C /* .gitignore in Resources */,
				BE2AFB312C4E280700C6718C /* Assets.xcassets in Resources */,
				BE2AFB342C4E280700C6718C /* Base in Resources */,
				BE2AFB3E2C4E28DA00C6718C /* .gitmessage.txt in Resources */,
			);
			runOnlyForDeploymentPostprocessing = 0;
		};
/* End PBXResourcesBuildPhase section */

/* Begin PBXSourcesBuildPhase section */
		BE2AFB202C4E280400C6718C /* Sources */ = {
			isa = PBXSourcesBuildPhase;
			buildActionMask = 2147483647;
			files = (
				BE2AFB2C2C4E280400C6718C /* ViewController.swift in Sources */,
				BE2AFB282C4E280400C6718C /* AppDelegate.swift in Sources */,
				BE2AFB2A2C4E280400C6718C /* SceneDelegate.swift in Sources */,
			);
			runOnlyForDeploymentPostprocessing = 0;
		};
/* End PBXSourcesBuildPhase section */

/* Begin PBXVariantGroup section */
		BE2AFB322C4E280700C6718C /* LaunchScreen.storyboard */ = {
			isa = PBXVariantGroup;
			children = (
				BE2AFB332C4E280700C6718C /* Base */,
			);
			name = LaunchScreen.storyboard;
			sourceTree = "<group>";
		};
/* End PBXVariantGroup section */

/* Begin XCBuildConfiguration section */
		BE2AFB362C4E280700C6718C /* Debug */ = {
			isa = XCBuildConfiguration;
			buildSettings = {
				ALWAYS_SEARCH_USER_PATHS = NO;
				ASSETCATALOG_COMPILER_GENERATE_SWIFT_ASSET_SYMBOL_EXTENSIONS = YES;
				CLANG_ANALYZER_NONNULL = YES;
				CLANG_ANALYZER_NUMBER_OBJECT_CONVERSION = YES_AGGRESSIVE;
				CLANG_CXX_LANGUAGE_STANDARD = "gnu++20";
				CLANG_ENABLE_MODULES = YES;
				CLANG_ENABLE_OBJC_ARC = YES;
				CLANG_ENABLE_OBJC_WEAK = YES;
				CLANG_WARN_BLOCK_CAPTURE_AUTORELEASING = YES;
				CLANG_WARN_BOOL_CONVERSION = YES;
				CLANG_WARN_COMMA = YES;
				CLANG_WARN_CONSTANT_CONVERSION = YES;
				CLANG_WARN_DEPRECATED_OBJC_IMPLEMENTATIONS = YES;
				CLANG_WARN_DIRECT_OBJC_ISA_USAGE = YES_ERROR;
				CLANG_WARN_DOCUMENTATION_COMMENTS = YES;
				CLANG_WARN_EMPTY_BODY = YES;
				CLANG_WARN_ENUM_CONVERSION = YES;
				CLANG_WARN_INFINITE_RECURSION = YES;
				CLANG_WARN_INT_CONVERSION = YES;
				CLANG_WARN_NON_LITERAL_NULL_CONVERSION = YES;
				CLANG_WARN_OBJC_IMPLICIT_RETAIN_SELF = YES;
				CLANG_WARN_OBJC_LITERAL_CONVERSION = YES;
				CLANG_WARN_OBJC_ROOT_CLASS = YES_ERROR;
				CLANG_WARN_QUOTED_INCLUDE_IN_FRAMEWORK_HEADER = YES;
				CLANG_WARN_RANGE_LOOP_ANALYSIS = YES;
				CLANG_WARN_STRICT_PROTOTYPES = YES;
				CLANG_WARN_SUSPICIOUS_MOVE = YES;
				CLANG_WARN_UNGUARDED_AVAILABILITY = YES_AGGRESSIVE;
				CLANG_WARN_UNREACHABLE_CODE = YES;
				CLANG_WARN__DUPLICATE_METHOD_MATCH = YES;
				COPY_PHASE_STRIP = NO;
				DEBUG_INFORMATION_FORMAT = dwarf;
				ENABLE_STRICT_OBJC_MSGSEND = YES;
				ENABLE_TESTABILITY = YES;
				ENABLE_USER_SCRIPT_SANDBOXING = YES;
				GCC_C_LANGUAGE_STANDARD = gnu17;
				GCC_DYNAMIC_NO_PIC = NO;
				GCC_NO_COMMON_BLOCKS = YES;
				GCC_OPTIMIZATION_LEVEL = 0;
				GCC_PREPROCESSOR_DEFINITIONS = (
					"DEBUG=1",
					"$(inherited)",
				);
				GCC_WARN_64_TO_32_BIT_CONVERSION = YES;
				GCC_WARN_ABOUT_RETURN_TYPE = YES_ERROR;
				GCC_WARN_UNDECLARED_SELECTOR = YES;
				GCC_WARN_UNINITIALIZED_AUTOS = YES_AGGRESSIVE;
				GCC_WARN_UNUSED_FUNCTION = YES;
				GCC_WARN_UNUSED_VARIABLE = YES;
				IPHONEOS_DEPLOYMENT_TARGET = 17.5;
				LOCALIZATION_PREFERS_STRING_CATALOGS = YES;
				MTL_ENABLE_DEBUG_INFO = INCLUDE_SOURCE;
				MTL_FAST_MATH = YES;
				ONLY_ACTIVE_ARCH = YES;
				SDKROOT = iphoneos;
				SWIFT_ACTIVE_COMPILATION_CONDITIONS = "DEBUG $(inherited)";
				SWIFT_OPTIMIZATION_LEVEL = "-Onone";
			};
			name = Debug;
		};
		BE2AFB372C4E280700C6718C /* Release */ = {
			isa = XCBuildConfiguration;
			buildSettings = {
				ALWAYS_SEARCH_USER_PATHS = NO;
				ASSETCATALOG_COMPILER_GENERATE_SWIFT_ASSET_SYMBOL_EXTENSIONS = YES;
				CLANG_ANALYZER_NONNULL = YES;
				CLANG_ANALYZER_NUMBER_OBJECT_CONVERSION = YES_AGGRESSIVE;
				CLANG_CXX_LANGUAGE_STANDARD = "gnu++20";
				CLANG_ENABLE_MODULES = YES;
				CLANG_ENABLE_OBJC_ARC = YES;
				CLANG_ENABLE_OBJC_WEAK = YES;
				CLANG_WARN_BLOCK_CAPTURE_AUTORELEASING = YES;
				CLANG_WARN_BOOL_CONVERSION = YES;
				CLANG_WARN_COMMA = YES;
				CLANG_WARN_CONSTANT_CONVERSION = YES;
				CLANG_WARN_DEPRECATED_OBJC_IMPLEMENTATIONS = YES;
				CLANG_WARN_DIRECT_OBJC_ISA_USAGE = YES_ERROR;
				CLANG_WARN_DOCUMENTATION_COMMENTS = YES;
				CLANG_WARN_EMPTY_BODY = YES;
				CLANG_WARN_ENUM_CONVERSION = YES;
				CLANG_WARN_INFINITE_RECURSION = YES;
				CLANG_WARN_INT_CONVERSION = YES;
				CLANG_WARN_NON_LITERAL_NULL_CONVERSION = YES;
				CLANG_WARN_OBJC_IMPLICIT_RETAIN_SELF = YES;
				CLANG_WARN_OBJC_LITERAL_CONVERSION = YES;
				CLANG_WARN_OBJC_ROOT_CLASS = YES_ERROR;
				CLANG_WARN_QUOTED_INCLUDE_IN_FRAMEWORK_HEADER = YES;
				CLANG_WARN_RANGE_LOOP_ANALYSIS = YES;
				CLANG_WARN_STRICT_PROTOTYPES = YES;
				CLANG_WARN_SUSPICIOUS_MOVE = YES;
				CLANG_WARN_UNGUARDED_AVAILABILITY = YES_AGGRESSIVE;
				CLANG_WARN_UNREACHABLE_CODE = YES;
				CLANG_WARN__DUPLICATE_METHOD_MATCH = YES;
				COPY_PHASE_STRIP = NO;
				DEBUG_INFORMATION_FORMAT = "dwarf-with-dsym";
				ENABLE_NS_ASSERTIONS = NO;
				ENABLE_STRICT_OBJC_MSGSEND = YES;
				ENABLE_USER_SCRIPT_SANDBOXING = YES;
				GCC_C_LANGUAGE_STANDARD = gnu17;
				GCC_NO_COMMON_BLOCKS = YES;
				GCC_WARN_64_TO_32_BIT_CONVERSION = YES;
				GCC_WARN_ABOUT_RETURN_TYPE = YES_ERROR;
				GCC_WARN_UNDECLARED_SELECTOR = YES;
				GCC_WARN_UNINITIALIZED_AUTOS = YES_AGGRESSIVE;
				GCC_WARN_UNUSED_FUNCTION = YES;
				GCC_WARN_UNUSED_VARIABLE = YES;
				IPHONEOS_DEPLOYMENT_TARGET = 17.5;
				LOCALIZATION_PREFERS_STRING_CATALOGS = YES;
				MTL_ENABLE_DEBUG_INFO = NO;
				MTL_FAST_MATH = YES;
				SDKROOT = iphoneos;
				SWIFT_COMPILATION_MODE = wholemodule;
				VALIDATE_PRODUCT = YES;
			};
			name = Release;
		};
		BE2AFB392C4E280700C6718C /* Debug */ = {
			isa = XCBuildConfiguration;
			buildSettings = {
				ASSETCATALOG_COMPILER_APPICON_NAME = AppIcon;
				ASSETCATALOG_COMPILER_GLOBAL_ACCENT_COLOR_NAME = AccentColor;
				CODE_SIGN_STYLE = Automatic;
				CURRENT_PROJECT_VERSION = 1;
				DEVELOPMENT_TEAM = ASU4PNB5MG;
				GENERATE_INFOPLIST_FILE = YES;
				INFOPLIST_FILE = Polaroid/Resources/Info.plist;
				INFOPLIST_KEY_UIApplicationSupportsIndirectInputEvents = YES;
				INFOPLIST_KEY_UILaunchStoryboardName = LaunchScreen;
				INFOPLIST_KEY_UISupportedInterfaceOrientations = UIInterfaceOrientationPortrait;
				INFOPLIST_KEY_UIUserInterfaceStyle = Light;
				IPHONEOS_DEPLOYMENT_TARGET = 15.0;
				LD_RUNPATH_SEARCH_PATHS = (
					"$(inherited)",
					"@executable_path/Frameworks",
				);
				MARKETING_VERSION = 1.0;
				PRODUCT_BUNDLE_IDENTIFIER = com.geonseobkim.Polaroid;
				PRODUCT_NAME = "$(TARGET_NAME)";
				SUPPORTED_PLATFORMS = "iphoneos iphonesimulator";
				SUPPORTS_MACCATALYST = NO;
				SUPPORTS_MAC_DESIGNED_FOR_IPHONE_IPAD = NO;
				SUPPORTS_XR_DESIGNED_FOR_IPHONE_IPAD = NO;
				SWIFT_EMIT_LOC_STRINGS = YES;
				SWIFT_VERSION = 5.0;
				TARGETED_DEVICE_FAMILY = 1;
			};
			name = Debug;
		};
		BE2AFB3A2C4E280700C6718C /* Release */ = {
			isa = XCBuildConfiguration;
			buildSettings = {
				ASSETCATALOG_COMPILER_APPICON_NAME = AppIcon;
				ASSETCATALOG_COMPILER_GLOBAL_ACCENT_COLOR_NAME = AccentColor;
				CODE_SIGN_STYLE = Automatic;
				CURRENT_PROJECT_VERSION = 1;
				DEVELOPMENT_TEAM = ASU4PNB5MG;
				GENERATE_INFOPLIST_FILE = YES;
				INFOPLIST_FILE = Polaroid/Resources/Info.plist;
				INFOPLIST_KEY_UIApplicationSupportsIndirectInputEvents = YES;
				INFOPLIST_KEY_UILaunchStoryboardName = LaunchScreen;
				INFOPLIST_KEY_UISupportedInterfaceOrientations = UIInterfaceOrientationPortrait;
				INFOPLIST_KEY_UIUserInterfaceStyle = Light;
				IPHONEOS_DEPLOYMENT_TARGET = 15.0;
				LD_RUNPATH_SEARCH_PATHS = (
					"$(inherited)",
					"@executable_path/Frameworks",
				);
				MARKETING_VERSION = 1.0;
				PRODUCT_BUNDLE_IDENTIFIER = com.geonseobkim.Polaroid;
				PRODUCT_NAME = "$(TARGET_NAME)";
				SUPPORTED_PLATFORMS = "iphoneos iphonesimulator";
				SUPPORTS_MACCATALYST = NO;
				SUPPORTS_MAC_DESIGNED_FOR_IPHONE_IPAD = NO;
				SUPPORTS_XR_DESIGNED_FOR_IPHONE_IPAD = NO;
				SWIFT_EMIT_LOC_STRINGS = YES;
				SWIFT_VERSION = 5.0;
				TARGETED_DEVICE_FAMILY = 1;
			};
			name = Release;
		};
/* End XCBuildConfiguration section */

/* Begin XCConfigurationList section */
		BE2AFB1F2C4E280400C6718C /* Build configuration list for PBXProject "Polaroid" */ = {
			isa = XCConfigurationList;
			buildConfigurations = (
				BE2AFB362C4E280700C6718C /* Debug */,
				BE2AFB372C4E280700C6718C /* Release */,
			);
			defaultConfigurationIsVisible = 0;
			defaultConfigurationName = Release;
		};
		BE2AFB382C4E280700C6718C /* Build configuration list for PBXNativeTarget "Polaroid" */ = {
			isa = XCConfigurationList;
			buildConfigurations = (
				BE2AFB392C4E280700C6718C /* Debug */,
				BE2AFB3A2C4E280700C6718C /* Release */,
			);
			defaultConfigurationIsVisible = 0;
			defaultConfigurationName = Release;
		};
/* End XCConfigurationList section */
	};
	rootObject = BE2AFB1C2C4E280400C6718C /* Project object */;
}
