// !$*UTF8*$!
{
	archiveVersion = 1;
	classes = {
	};
	objectVersion = 56;
	objects = {

/* Begin PBXBuildFile section */
		8E768E362C4EC5A10062431F /* RegexValidator.swift in Sources */ = {isa = PBXBuildFile; fileRef = 8E768E352C4EC5A10062431F /* RegexValidator.swift */; };
		8E768E382C4EC5CA0062431F /* NicknameValidator.swift in Sources */ = {isa = PBXBuildFile; fileRef = 8E768E372C4EC5CA0062431F /* NicknameValidator.swift */; };
		8E768E3F2C5017950062431F /* EndpointRepresentable.swift in Sources */ = {isa = PBXBuildFile; fileRef = 8E768E3E2C5017950062431F /* EndpointRepresentable.swift */; };
		8E768E412C50179A0062431F /* Scheme.swift in Sources */ = {isa = PBXBuildFile; fileRef = 8E768E402C50179A0062431F /* Scheme.swift */; };
		8E768E432C5017B00062431F /* EndpointError.swift in Sources */ = {isa = PBXBuildFile; fileRef = 8E768E422C5017B00062431F /* EndpointError.swift */; };
		8E768E462C50192A0062431F /* UnsplashEndpoint.swift in Sources */ = {isa = PBXBuildFile; fileRef = 8E768E452C50192A0062431F /* UnsplashEndpoint.swift */; };
		8E768E4A2C5019E80062431F /* Secret.swift in Sources */ = {isa = PBXBuildFile; fileRef = 8E768E492C5019E80062431F /* Secret.swift */; };
		8E768E4C2C501AD10062431F /* HTTPMethod.swift in Sources */ = {isa = PBXBuildFile; fileRef = 8E768E4B2C501AD10062431F /* HTTPMethod.swift */; };
		8E768E4F2C501DF40062431F /* TopicRequest.swift in Sources */ = {isa = PBXBuildFile; fileRef = 8E768E4E2C501DF40062431F /* TopicRequest.swift */; };
		8E768E512C501E080062431F /* TopicEndpoint.swift in Sources */ = {isa = PBXBuildFile; fileRef = 8E768E502C501E080062431F /* TopicEndpoint.swift */; };
		8E768E542C501E800062431F /* TopicRepository.swift in Sources */ = {isa = PBXBuildFile; fileRef = 8E768E532C501E800062431F /* TopicRepository.swift */; };
		8E768E592C508F3F0062431F /* MinimumUnsplashImage.swift in Sources */ = {isa = PBXBuildFile; fileRef = 8E768E582C508F3F0062431F /* MinimumUnsplashImage.swift */; };
		8E768E8B2C513EE40062431F /* CapsuleView.swift in Sources */ = {isa = PBXBuildFile; fileRef = 8E768E8A2C513EE40062431F /* CapsuleView.swift */; };
		8E768E8D2C5147E90062431F /* ToastView.swift in Sources */ = {isa = PBXBuildFile; fileRef = 8E768E8C2C5147E90062431F /* ToastView.swift */; };
		8E768E8F2C51482D0062431F /* TopicViewModel.swift in Sources */ = {isa = PBXBuildFile; fileRef = 8E768E8E2C51482D0062431F /* TopicViewModel.swift */; };
		BE2AFB282C4E280400C6718C /* AppDelegate.swift in Sources */ = {isa = PBXBuildFile; fileRef = BE2AFB272C4E280400C6718C /* AppDelegate.swift */; };
		BE2AFB2A2C4E280400C6718C /* SceneDelegate.swift in Sources */ = {isa = PBXBuildFile; fileRef = BE2AFB292C4E280400C6718C /* SceneDelegate.swift */; };
		BE2AFB2C2C4E280400C6718C /* OnboardingViewController.swift in Sources */ = {isa = PBXBuildFile; fileRef = BE2AFB2B2C4E280400C6718C /* OnboardingViewController.swift */; };
		BE2AFB312C4E280700C6718C /* Assets.xcassets in Resources */ = {isa = PBXBuildFile; fileRef = BE2AFB302C4E280700C6718C /* Assets.xcassets */; };
		BE2AFB342C4E280700C6718C /* Base in Resources */ = {isa = PBXBuildFile; fileRef = BE2AFB332C4E280700C6718C /* Base */; };
		BE2AFB3C2C4E28AE00C6718C /* .gitignore in Resources */ = {isa = PBXBuildFile; fileRef = BE2AFB3B2C4E28AE00C6718C /* .gitignore */; };
		BE2AFB3E2C4E28DA00C6718C /* .gitmessage.txt in Resources */ = {isa = PBXBuildFile; fileRef = BE2AFB3D2C4E28DA00C6718C /* .gitmessage.txt */; };
		BE2AFB462C4E2C0200C6718C /* RealmSwift in Frameworks */ = {isa = PBXBuildFile; productRef = BE2AFB452C4E2C0200C6718C /* RealmSwift */; };
		BE2AFB492C4E2C1800C6718C /* Alamofire in Frameworks */ = {isa = PBXBuildFile; productRef = BE2AFB482C4E2C1800C6718C /* Alamofire */; };
		BE2AFB4C2C4E2C4B00C6718C /* Neat in Frameworks */ = {isa = PBXBuildFile; productRef = BE2AFB4B2C4E2C4B00C6718C /* Neat */; };
		BE2AFB552C4E2EAC00C6718C /* CancelBag.swift in Sources */ = {isa = PBXBuildFile; fileRef = BE2AFB542C4E2EAC00C6718C /* CancelBag.swift */; };
		BE2AFB572C4E2F0700C6718C /* CombineControlCompatible.swift in Sources */ = {isa = PBXBuildFile; fileRef = BE2AFB562C4E2F0700C6718C /* CombineControlCompatible.swift */; };
		BE2AFB592C4E2FA400C6718C /* ControlEventPublisher.swift in Sources */ = {isa = PBXBuildFile; fileRef = BE2AFB582C4E2FA400C6718C /* ControlEventPublisher.swift */; };
		BE2AFB5B2C4E2FAB00C6718C /* ControlSubscription.swift in Sources */ = {isa = PBXBuildFile; fileRef = BE2AFB5A2C4E2FAB00C6718C /* ControlSubscription.swift */; };
		BE2AFB5D2C4E2FB100C6718C /* UITableViewDelegateProxy.swift in Sources */ = {isa = PBXBuildFile; fileRef = BE2AFB5C2C4E2FB100C6718C /* UITableViewDelegateProxy.swift */; };
		BE2AFB5F2C4E2FB800C6718C /* UICollectionViewDelegateProxy.swift in Sources */ = {isa = PBXBuildFile; fileRef = BE2AFB5E2C4E2FB800C6718C /* UICollectionViewDelegateProxy.swift */; };
		BE2AFB612C4E2FC600C6718C /* UIKit+Combine.swift in Sources */ = {isa = PBXBuildFile; fileRef = BE2AFB602C4E2FC600C6718C /* UIKit+Combine.swift */; };
		BE2AFB632C4E2FCD00C6718C /* Publisher+.swift in Sources */ = {isa = PBXBuildFile; fileRef = BE2AFB622C4E2FCD00C6718C /* Publisher+.swift */; };
		BE2AFB672C4E329D00C6718C /* Weak.swift in Sources */ = {isa = PBXBuildFile; fileRef = BE2AFB662C4E329D00C6718C /* Weak.swift */; };
		BE2AFB692C4E333500C6718C /* WeakStorage.swift in Sources */ = {isa = PBXBuildFile; fileRef = BE2AFB682C4E333500C6718C /* WeakStorage.swift */; };
		BE2AFB6B2C4E334200C6718C /* DeinitHandler.swift in Sources */ = {isa = PBXBuildFile; fileRef = BE2AFB6A2C4E334200C6718C /* DeinitHandler.swift */; };
		BE2AFB6E2C4E335F00C6718C /* ViewModelStorage.swift in Sources */ = {isa = PBXBuildFile; fileRef = BE2AFB6D2C4E335F00C6718C /* ViewModelStorage.swift */; };
		BE2AFB702C4E336D00C6718C /* ViewModel.swift in Sources */ = {isa = PBXBuildFile; fileRef = BE2AFB6F2C4E336D00C6718C /* ViewModel.swift */; };
		BE2AFB722C4E337200C6718C /* View.swift in Sources */ = {isa = PBXBuildFile; fileRef = BE2AFB712C4E337200C6718C /* View.swift */; };
		BE2AFB752C4E340E00C6718C /* BaseViewController.swift in Sources */ = {isa = PBXBuildFile; fileRef = BE2AFB742C4E340E00C6718C /* BaseViewController.swift */; };
		BE2AFB772C4E342200C6718C /* BaseCollectionViewCell.swift in Sources */ = {isa = PBXBuildFile; fileRef = BE2AFB762C4E342200C6718C /* BaseCollectionViewCell.swift */; };
		BE2AFB7B2C4E342C00C6718C /* BaseView.swift in Sources */ = {isa = PBXBuildFile; fileRef = BE2AFB7A2C4E342C00C6718C /* BaseView.swift */; };
		BE2AFB7E2C4E349E00C6718C /* DiffableCollectionViewType.swift in Sources */ = {isa = PBXBuildFile; fileRef = BE2AFB7D2C4E349E00C6718C /* DiffableCollectionViewType.swift */; };
		BE2AFB802C4E34BD00C6718C /* SectionData.swift in Sources */ = {isa = PBXBuildFile; fileRef = BE2AFB7F2C4E34BD00C6718C /* SectionData.swift */; };
		BE2AFB822C4E34C900C6718C /* CompositionalCollectionViewType.swift in Sources */ = {isa = PBXBuildFile; fileRef = BE2AFB812C4E34C900C6718C /* CompositionalCollectionViewType.swift */; };
		BE2AFB842C4E34E800C6718C /* ModernCollectionView.swift in Sources */ = {isa = PBXBuildFile; fileRef = BE2AFB832C4E34E800C6718C /* ModernCollectionView.swift */; };
		BE2AFB862C4E355A00C6718C /* RegistrableCellType.swift in Sources */ = {isa = PBXBuildFile; fileRef = BE2AFB852C4E355A00C6718C /* RegistrableCellType.swift */; };
		BE2AFB892C4E36DD00C6718C /* Logger.swift in Sources */ = {isa = PBXBuildFile; fileRef = BE2AFB882C4E36DD00C6718C /* Logger.swift */; };
		BE2AFB8F2C4E388900C6718C /* UserDefaultsWrapper.swift in Sources */ = {isa = PBXBuildFile; fileRef = BE2AFB8E2C4E388900C6718C /* UserDefaultsWrapper.swift */; };
		BE2AFB912C4E38C200C6718C /* UserDefaultsKey.swift in Sources */ = {isa = PBXBuildFile; fileRef = BE2AFB902C4E38C200C6718C /* UserDefaultsKey.swift */; };
		BE2AFB942C4E3A8A00C6718C /* UIViewController+.swift in Sources */ = {isa = PBXBuildFile; fileRef = BE2AFB932C4E3A8A00C6718C /* UIViewController+.swift */; };
		BE2AFB972C4E3C2500C6718C /* MainTabBarController.swift in Sources */ = {isa = PBXBuildFile; fileRef = BE2AFB962C4E3C2500C6718C /* MainTabBarController.swift */; };
		BE2AFB9A2C4E3E3F00C6718C /* MPDesign.swift in Sources */ = {isa = PBXBuildFile; fileRef = BE2AFB992C4E3E3F00C6718C /* MPDesign.swift */; };
		BE2AFB9C2C4E437200C6718C /* UIFont+.swift in Sources */ = {isa = PBXBuildFile; fileRef = BE2AFB9B2C4E437200C6718C /* UIFont+.swift */; };
		BE2AFB9F2C4E444500C6718C /* Observable.swift in Sources */ = {isa = PBXBuildFile; fileRef = BE2AFB9E2C4E444500C6718C /* Observable.swift */; };
		BE2AFBA22C4E481B00C6718C /* SnapKit in Frameworks */ = {isa = PBXBuildFile; productRef = BE2AFBA12C4E481B00C6718C /* SnapKit */; };
		BE2AFBA42C4E487800C6718C /* Literal.swift in Sources */ = {isa = PBXBuildFile; fileRef = BE2AFBA32C4E487800C6718C /* Literal.swift */; };
		BE2AFBA62C4E4B9800C6718C /* Observable+UIKit.swift in Sources */ = {isa = PBXBuildFile; fileRef = BE2AFBA52C4E4B9800C6718C /* Observable+UIKit.swift */; };
		BE2AFBA82C4E4BF800C6718C /* ObservableControlEvent.swift in Sources */ = {isa = PBXBuildFile; fileRef = BE2AFBA72C4E4BF800C6718C /* ObservableControlEvent.swift */; };
		BE2AFBAA2C4E4C4600C6718C /* ObservableCollectionViewDelegateProxy.swift in Sources */ = {isa = PBXBuildFile; fileRef = BE2AFBA92C4E4C4600C6718C /* ObservableCollectionViewDelegateProxy.swift */; };
		BE2AFBAC2C4E510800C6718C /* UIButton+.swift in Sources */ = {isa = PBXBuildFile; fileRef = BE2AFBAB2C4E510800C6718C /* UIButton+.swift */; };
		BE2AFBAE2C4E53B800C6718C /* IntegerLiteralType+.swift in Sources */ = {isa = PBXBuildFile; fileRef = BE2AFBAD2C4E53B800C6718C /* IntegerLiteralType+.swift */; };
		BE2AFBB02C4E579700C6718C /* ObservableBag.swift in Sources */ = {isa = PBXBuildFile; fileRef = BE2AFBAF2C4E579700C6718C /* ObservableBag.swift */; };
		BE2AFBB22C4E612D00C6718C /* OnboardingViewModel.swift in Sources */ = {isa = PBXBuildFile; fileRef = BE2AFBB12C4E612D00C6718C /* OnboardingViewModel.swift */; };
		BE2AFBB62C4E61DE00C6718C /* MBTI.swift in Sources */ = {isa = PBXBuildFile; fileRef = BE2AFBB52C4E61DE00C6718C /* MBTI.swift */; };
		BE2AFBB92C4E655B00C6718C /* ProfileSettingViewController.swift in Sources */ = {isa = PBXBuildFile; fileRef = BE2AFBB82C4E655B00C6718C /* ProfileSettingViewController.swift */; };
		BE2AFBBB2C4E7D8000C6718C /* BaseStackView.swift in Sources */ = {isa = PBXBuildFile; fileRef = BE2AFBBA2C4E7D8000C6718C /* BaseStackView.swift */; };
		BE2AFBBE2C4E822C00C6718C /* UIViewBuilder.swift in Sources */ = {isa = PBXBuildFile; fileRef = BE2AFBBD2C4E822C00C6718C /* UIViewBuilder.swift */; };
		BE2AFBC02C4E823900C6718C /* DeclarativeStackView.swift in Sources */ = {isa = PBXBuildFile; fileRef = BE2AFBBF2C4E823900C6718C /* DeclarativeStackView.swift */; };
		BE2AFBC22C4E882E00C6718C /* MBTISelectionView.swift in Sources */ = {isa = PBXBuildFile; fileRef = BE2AFBC12C4E882E00C6718C /* MBTISelectionView.swift */; };
		BE2AFBC42C4E884D00C6718C /* MBTIElementSelectionView.swift in Sources */ = {isa = PBXBuildFile; fileRef = BE2AFBC32C4E884D00C6718C /* MBTIElementSelectionView.swift */; };
		BE2AFBC62C4E8A9400C6718C /* ProfileSettingViewModel.swift in Sources */ = {isa = PBXBuildFile; fileRef = BE2AFBC52C4E8A9400C6718C /* ProfileSettingViewModel.swift */; };
		BE2AFBCB2C4E9EA900C6718C /* CircleButton.swift in Sources */ = {isa = PBXBuildFile; fileRef = BE2AFBCA2C4E9EA900C6718C /* CircleButton.swift */; };
		BE2AFBCD2C4EA04300C6718C /* ToggleView.swift in Sources */ = {isa = PBXBuildFile; fileRef = BE2AFBCC2C4EA04300C6718C /* ToggleView.swift */; };
		BE2AFBCF2C4EA05300C6718C /* MBTIButton.swift in Sources */ = {isa = PBXBuildFile; fileRef = BE2AFBCE2C4EA05300C6718C /* MBTIButton.swift */; };
		BE2AFBD12C4EA29A00C6718C /* BaseButton.swift in Sources */ = {isa = PBXBuildFile; fileRef = BE2AFBD02C4EA29A00C6718C /* BaseButton.swift */; };
		BE5F22302C4F933500CC7DD6 /* RealmStorage.swift in Sources */ = {isa = PBXBuildFile; fileRef = BE5F222F2C4F933500CC7DD6 /* RealmStorage.swift */; };
		BE5F22342C4F944D00CC7DD6 /* RealmStorage+Migration.swift in Sources */ = {isa = PBXBuildFile; fileRef = BE5F22332C4F944D00CC7DD6 /* RealmStorage+Migration.swift */; };
		BE5F22372C4F965C00CC7DD6 /* ProfileImageButton.swift in Sources */ = {isa = PBXBuildFile; fileRef = BE5F22362C4F965C00CC7DD6 /* ProfileImageButton.swift */; };
		BE5F22432C4FAA0B00CC7DD6 /* TopicCVCell.swift in Sources */ = {isa = PBXBuildFile; fileRef = BE5F22422C4FAA0B00CC7DD6 /* TopicCVCell.swift */; };
		BE5F22452C4FAA4200CC7DD6 /* TopicCollectionView.swift in Sources */ = {isa = PBXBuildFile; fileRef = BE5F22442C4FAA4200CC7DD6 /* TopicCollectionView.swift */; };
		BE5F22472C4FAAF200CC7DD6 /* TopicViewController.swift in Sources */ = {isa = PBXBuildFile; fileRef = BE5F22462C4FAAF200CC7DD6 /* TopicViewController.swift */; };
		BE5F22492C4FAD5700CC7DD6 /* NSDirectionalEdgeInsets+.swift in Sources */ = {isa = PBXBuildFile; fileRef = BE5F22482C4FAD5700CC7DD6 /* NSDirectionalEdgeInsets+.swift */; };
		BE5F224D2C4FB23500CC7DD6 /* TopicDTO.swift in Sources */ = {isa = PBXBuildFile; fileRef = BE5F224C2C4FB23500CC7DD6 /* TopicDTO.swift */; };
		BE5F225A2C4FB53400CC7DD6 /* DTOParseTests.swift in Sources */ = {isa = PBXBuildFile; fileRef = BE5F22592C4FB53400CC7DD6 /* DTOParseTests.swift */; };
		BE5F22602C4FB7EB00CC7DD6 /* Topic.json in Resources */ = {isa = PBXBuildFile; fileRef = BE5F22512C4FB49500CC7DD6 /* Topic.json */; };
		BE5F22622C50D2B600CC7DD6 /* ProfileImageEditViewController.swift in Sources */ = {isa = PBXBuildFile; fileRef = BE5F22612C50D2B600CC7DD6 /* ProfileImageEditViewController.swift */; };
		BE5F22672C50F6D900CC7DD6 /* ProfileImageViewModel.swift in Sources */ = {isa = PBXBuildFile; fileRef = BE5F22662C50F6D900CC7DD6 /* ProfileImageViewModel.swift */; };
		BE5F22692C50F6E000CC7DD6 /* ProfileImageCVCell.swift in Sources */ = {isa = PBXBuildFile; fileRef = BE5F22682C50F6E000CC7DD6 /* ProfileImageCVCell.swift */; };
		BE5F226B2C50F6FA00CC7DD6 /* ProfileImageCollectionView.swift in Sources */ = {isa = PBXBuildFile; fileRef = BE5F226A2C50F6FA00CC7DD6 /* ProfileImageCollectionView.swift */; };
		BE5F226D2C50FC5100CC7DD6 /* ProfileImageItem.swift in Sources */ = {isa = PBXBuildFile; fileRef = BE5F226C2C50FC5100CC7DD6 /* ProfileImageItem.swift */; };
		BE5F226F2C50FC5700CC7DD6 /* ProfileImageSection.swift in Sources */ = {isa = PBXBuildFile; fileRef = BE5F226E2C50FC5700CC7DD6 /* ProfileImageSection.swift */; };
		BE5F22712C50FCA100CC7DD6 /* TopicSection.swift in Sources */ = {isa = PBXBuildFile; fileRef = BE5F22702C50FCA100CC7DD6 /* TopicSection.swift */; };
		BE5F22762C51043C00CC7DD6 /* RandomViewController.swift in Sources */ = {isa = PBXBuildFile; fileRef = BE5F22752C51043C00CC7DD6 /* RandomViewController.swift */; };
		BE5F22792C51704D00CC7DD6 /* RandomCollectionView.swift in Sources */ = {isa = PBXBuildFile; fileRef = BE5F22782C51704D00CC7DD6 /* RandomCollectionView.swift */; };
		BE5F227B2C51705200CC7DD6 /* RandomCVCell.swift in Sources */ = {isa = PBXBuildFile; fileRef = BE5F227A2C51705200CC7DD6 /* RandomCVCell.swift */; };
		BE5F22A62C520E6100CC7DD6 /* SearchEndpoint.swift in Sources */ = {isa = PBXBuildFile; fileRef = BE5F22A52C520E6100CC7DD6 /* SearchEndpoint.swift */; };
		BE5F22A82C520E7900CC7DD6 /* SearchRequest.swift in Sources */ = {isa = PBXBuildFile; fileRef = BE5F22A72C520E7900CC7DD6 /* SearchRequest.swift */; };
		BE5F22AC2C520F5500CC7DD6 /* RandomEndpoint.swift in Sources */ = {isa = PBXBuildFile; fileRef = BE5F22AB2C520F5500CC7DD6 /* RandomEndpoint.swift */; };
		BE5F22AE2C520F9700CC7DD6 /* RandomRepository.swift in Sources */ = {isa = PBXBuildFile; fileRef = BE5F22AD2C520F9700CC7DD6 /* RandomRepository.swift */; };
		BE5F22B02C520FF200CC7DD6 /* Random.json in Resources */ = {isa = PBXBuildFile; fileRef = BE5F22AF2C520FF200CC7DD6 /* Random.json */; };
		BE5F22B22C52107800CC7DD6 /* RandomDTO.swift in Sources */ = {isa = PBXBuildFile; fileRef = BE5F22B12C52107800CC7DD6 /* RandomDTO.swift */; };
		BE5F22D62C523FD100CC7DD6 /* Date+.swift in Sources */ = {isa = PBXBuildFile; fileRef = BE5F22D52C523FD100CC7DD6 /* Date+.swift */; };
		BE5F22D82C5243E800CC7DD6 /* RandomImage.swift in Sources */ = {isa = PBXBuildFile; fileRef = BE5F22D72C5243E800CC7DD6 /* RandomImage.swift */; };
		BE5F22DA2C52449000CC7DD6 /* RandomViewModel.swift in Sources */ = {isa = PBXBuildFile; fileRef = BE5F22D92C52449000CC7DD6 /* RandomViewModel.swift */; };
		BE5F22DC2C52488200CC7DD6 /* ImageCreateInfoView.swift in Sources */ = {isa = PBXBuildFile; fileRef = BE5F22DB2C52488200CC7DD6 /* ImageCreateInfoView.swift */; };
		BE5F22DF2C524A9D00CC7DD6 /* CacheableObject.swift in Sources */ = {isa = PBXBuildFile; fileRef = BE5F22DE2C524A9D00CC7DD6 /* CacheableObject.swift */; };
		BE5F22E12C524AB100CC7DD6 /* CacheConfiguration.swift in Sources */ = {isa = PBXBuildFile; fileRef = BE5F22E02C524AB100CC7DD6 /* CacheConfiguration.swift */; };
		BE5F22E32C524AC100CC7DD6 /* CacheService.swift in Sources */ = {isa = PBXBuildFile; fileRef = BE5F22E22C524AC000CC7DD6 /* CacheService.swift */; };
		BE5F22E52C524ACF00CC7DD6 /* CacheStorage.swift in Sources */ = {isa = PBXBuildFile; fileRef = BE5F22E42C524ACF00CC7DD6 /* CacheStorage.swift */; };
		BE5F22E72C524B1800CC7DD6 /* CacheWrapper.swift in Sources */ = {isa = PBXBuildFile; fileRef = BE5F22E62C524B1800CC7DD6 /* CacheWrapper.swift */; };
		BE5F22E92C524B2400CC7DD6 /* DataSize.swift in Sources */ = {isa = PBXBuildFile; fileRef = BE5F22E82C524B2400CC7DD6 /* DataSize.swift */; };
		BE5F22EB2C524B5A00CC7DD6 /* UIImageView+.swift in Sources */ = {isa = PBXBuildFile; fileRef = BE5F22EA2C524B5A00CC7DD6 /* UIImageView+.swift */; };
		BE5F22F12C52644600CC7DD6 /* Kingfisher in Frameworks */ = {isa = PBXBuildFile; productRef = BE5F22F02C52644600CC7DD6 /* Kingfisher */; };
		BE5F22F32C52667000CC7DD6 /* DateFormat.swift in Sources */ = {isa = PBXBuildFile; fileRef = BE5F22F22C52667000CC7DD6 /* DateFormat.swift */; };
		BE5F22F52C526D6400CC7DD6 /* Appearance.swift in Sources */ = {isa = PBXBuildFile; fileRef = BE5F22F42C526D6400CC7DD6 /* Appearance.swift */; };
/* End PBXBuildFile section */

/* Begin PBXContainerItemProxy section */
		BE5F225B2C4FB53400CC7DD6 /* PBXContainerItemProxy */ = {
			isa = PBXContainerItemProxy;
			containerPortal = BE2AFB1C2C4E280400C6718C /* Project object */;
			proxyType = 1;
			remoteGlobalIDString = BE2AFB232C4E280400C6718C;
			remoteInfo = Polaroid;
		};
/* End PBXContainerItemProxy section */

/* Begin PBXFileReference section */
		8E768E352C4EC5A10062431F /* RegexValidator.swift */ = {isa = PBXFileReference; lastKnownFileType = sourcecode.swift; path = RegexValidator.swift; sourceTree = "<group>"; };
		8E768E372C4EC5CA0062431F /* NicknameValidator.swift */ = {isa = PBXFileReference; lastKnownFileType = sourcecode.swift; path = NicknameValidator.swift; sourceTree = "<group>"; };
		8E768E3E2C5017950062431F /* EndpointRepresentable.swift */ = {isa = PBXFileReference; lastKnownFileType = sourcecode.swift; path = EndpointRepresentable.swift; sourceTree = "<group>"; };
		8E768E402C50179A0062431F /* Scheme.swift */ = {isa = PBXFileReference; lastKnownFileType = sourcecode.swift; path = Scheme.swift; sourceTree = "<group>"; };
		8E768E422C5017B00062431F /* EndpointError.swift */ = {isa = PBXFileReference; lastKnownFileType = sourcecode.swift; path = EndpointError.swift; sourceTree = "<group>"; };
		8E768E452C50192A0062431F /* UnsplashEndpoint.swift */ = {isa = PBXFileReference; lastKnownFileType = sourcecode.swift; path = UnsplashEndpoint.swift; sourceTree = "<group>"; };
		8E768E492C5019E80062431F /* Secret.swift */ = {isa = PBXFileReference; lastKnownFileType = sourcecode.swift; path = Secret.swift; sourceTree = "<group>"; };
		8E768E4B2C501AD10062431F /* HTTPMethod.swift */ = {isa = PBXFileReference; lastKnownFileType = sourcecode.swift; path = HTTPMethod.swift; sourceTree = "<group>"; };
		8E768E4E2C501DF40062431F /* TopicRequest.swift */ = {isa = PBXFileReference; lastKnownFileType = sourcecode.swift; path = TopicRequest.swift; sourceTree = "<group>"; };
		8E768E502C501E080062431F /* TopicEndpoint.swift */ = {isa = PBXFileReference; lastKnownFileType = sourcecode.swift; path = TopicEndpoint.swift; sourceTree = "<group>"; };
		8E768E532C501E800062431F /* TopicRepository.swift */ = {isa = PBXFileReference; lastKnownFileType = sourcecode.swift; path = TopicRepository.swift; sourceTree = "<group>"; };
		8E768E582C508F3F0062431F /* MinimumUnsplashImage.swift */ = {isa = PBXFileReference; lastKnownFileType = sourcecode.swift; path = MinimumUnsplashImage.swift; sourceTree = "<group>"; };
		8E768E8A2C513EE40062431F /* CapsuleView.swift */ = {isa = PBXFileReference; lastKnownFileType = sourcecode.swift; path = CapsuleView.swift; sourceTree = "<group>"; };
		8E768E8C2C5147E90062431F /* ToastView.swift */ = {isa = PBXFileReference; lastKnownFileType = sourcecode.swift; path = ToastView.swift; sourceTree = "<group>"; };
		8E768E8E2C51482D0062431F /* TopicViewModel.swift */ = {isa = PBXFileReference; lastKnownFileType = sourcecode.swift; path = TopicViewModel.swift; sourceTree = "<group>"; };
		BE2AFB242C4E280400C6718C /* Polaroid.app */ = {isa = PBXFileReference; explicitFileType = wrapper.application; includeInIndex = 0; path = Polaroid.app; sourceTree = BUILT_PRODUCTS_DIR; };
		BE2AFB272C4E280400C6718C /* AppDelegate.swift */ = {isa = PBXFileReference; lastKnownFileType = sourcecode.swift; path = AppDelegate.swift; sourceTree = "<group>"; };
		BE2AFB292C4E280400C6718C /* SceneDelegate.swift */ = {isa = PBXFileReference; lastKnownFileType = sourcecode.swift; path = SceneDelegate.swift; sourceTree = "<group>"; };
		BE2AFB2B2C4E280400C6718C /* OnboardingViewController.swift */ = {isa = PBXFileReference; lastKnownFileType = sourcecode.swift; path = OnboardingViewController.swift; sourceTree = "<group>"; };
		BE2AFB302C4E280700C6718C /* Assets.xcassets */ = {isa = PBXFileReference; lastKnownFileType = folder.assetcatalog; path = Assets.xcassets; sourceTree = "<group>"; };
		BE2AFB332C4E280700C6718C /* Base */ = {isa = PBXFileReference; lastKnownFileType = file.storyboard; name = Base; path = Base.lproj/LaunchScreen.storyboard; sourceTree = "<group>"; };
		BE2AFB352C4E280700C6718C /* Info.plist */ = {isa = PBXFileReference; lastKnownFileType = text.plist.xml; path = Info.plist; sourceTree = "<group>"; };
		BE2AFB3B2C4E28AE00C6718C /* .gitignore */ = {isa = PBXFileReference; lastKnownFileType = text; path = .gitignore; sourceTree = "<group>"; };
		BE2AFB3D2C4E28DA00C6718C /* .gitmessage.txt */ = {isa = PBXFileReference; lastKnownFileType = text; path = .gitmessage.txt; sourceTree = "<group>"; };
		BE2AFB542C4E2EAC00C6718C /* CancelBag.swift */ = {isa = PBXFileReference; lastKnownFileType = sourcecode.swift; path = CancelBag.swift; sourceTree = "<group>"; };
		BE2AFB562C4E2F0700C6718C /* CombineControlCompatible.swift */ = {isa = PBXFileReference; lastKnownFileType = sourcecode.swift; path = CombineControlCompatible.swift; sourceTree = "<group>"; };
		BE2AFB582C4E2FA400C6718C /* ControlEventPublisher.swift */ = {isa = PBXFileReference; lastKnownFileType = sourcecode.swift; path = ControlEventPublisher.swift; sourceTree = "<group>"; };
		BE2AFB5A2C4E2FAB00C6718C /* ControlSubscription.swift */ = {isa = PBXFileReference; lastKnownFileType = sourcecode.swift; path = ControlSubscription.swift; sourceTree = "<group>"; };
		BE2AFB5C2C4E2FB100C6718C /* UITableViewDelegateProxy.swift */ = {isa = PBXFileReference; lastKnownFileType = sourcecode.swift; path = UITableViewDelegateProxy.swift; sourceTree = "<group>"; };
		BE2AFB5E2C4E2FB800C6718C /* UICollectionViewDelegateProxy.swift */ = {isa = PBXFileReference; lastKnownFileType = sourcecode.swift; path = UICollectionViewDelegateProxy.swift; sourceTree = "<group>"; };
		BE2AFB602C4E2FC600C6718C /* UIKit+Combine.swift */ = {isa = PBXFileReference; lastKnownFileType = sourcecode.swift; path = "UIKit+Combine.swift"; sourceTree = "<group>"; };
		BE2AFB622C4E2FCD00C6718C /* Publisher+.swift */ = {isa = PBXFileReference; lastKnownFileType = sourcecode.swift; path = "Publisher+.swift"; sourceTree = "<group>"; };
		BE2AFB662C4E329D00C6718C /* Weak.swift */ = {isa = PBXFileReference; lastKnownFileType = sourcecode.swift; path = Weak.swift; sourceTree = "<group>"; };
		BE2AFB682C4E333500C6718C /* WeakStorage.swift */ = {isa = PBXFileReference; lastKnownFileType = sourcecode.swift; path = WeakStorage.swift; sourceTree = "<group>"; };
		BE2AFB6A2C4E334200C6718C /* DeinitHandler.swift */ = {isa = PBXFileReference; lastKnownFileType = sourcecode.swift; path = DeinitHandler.swift; sourceTree = "<group>"; };
		BE2AFB6D2C4E335F00C6718C /* ViewModelStorage.swift */ = {isa = PBXFileReference; lastKnownFileType = sourcecode.swift; path = ViewModelStorage.swift; sourceTree = "<group>"; };
		BE2AFB6F2C4E336D00C6718C /* ViewModel.swift */ = {isa = PBXFileReference; lastKnownFileType = sourcecode.swift; path = ViewModel.swift; sourceTree = "<group>"; };
		BE2AFB712C4E337200C6718C /* View.swift */ = {isa = PBXFileReference; lastKnownFileType = sourcecode.swift; path = View.swift; sourceTree = "<group>"; };
		BE2AFB742C4E340E00C6718C /* BaseViewController.swift */ = {isa = PBXFileReference; lastKnownFileType = sourcecode.swift; path = BaseViewController.swift; sourceTree = "<group>"; };
		BE2AFB762C4E342200C6718C /* BaseCollectionViewCell.swift */ = {isa = PBXFileReference; lastKnownFileType = sourcecode.swift; path = BaseCollectionViewCell.swift; sourceTree = "<group>"; };
		BE2AFB7A2C4E342C00C6718C /* BaseView.swift */ = {isa = PBXFileReference; lastKnownFileType = sourcecode.swift; path = BaseView.swift; sourceTree = "<group>"; };
		BE2AFB7D2C4E349E00C6718C /* DiffableCollectionViewType.swift */ = {isa = PBXFileReference; lastKnownFileType = sourcecode.swift; path = DiffableCollectionViewType.swift; sourceTree = "<group>"; };
		BE2AFB7F2C4E34BD00C6718C /* SectionData.swift */ = {isa = PBXFileReference; lastKnownFileType = sourcecode.swift; path = SectionData.swift; sourceTree = "<group>"; };
		BE2AFB812C4E34C900C6718C /* CompositionalCollectionViewType.swift */ = {isa = PBXFileReference; lastKnownFileType = sourcecode.swift; path = CompositionalCollectionViewType.swift; sourceTree = "<group>"; };
		BE2AFB832C4E34E800C6718C /* ModernCollectionView.swift */ = {isa = PBXFileReference; lastKnownFileType = sourcecode.swift; path = ModernCollectionView.swift; sourceTree = "<group>"; };
		BE2AFB852C4E355A00C6718C /* RegistrableCellType.swift */ = {isa = PBXFileReference; lastKnownFileType = sourcecode.swift; path = RegistrableCellType.swift; sourceTree = "<group>"; };
		BE2AFB882C4E36DD00C6718C /* Logger.swift */ = {isa = PBXFileReference; lastKnownFileType = sourcecode.swift; path = Logger.swift; sourceTree = "<group>"; };
		BE2AFB8E2C4E388900C6718C /* UserDefaultsWrapper.swift */ = {isa = PBXFileReference; lastKnownFileType = sourcecode.swift; path = UserDefaultsWrapper.swift; sourceTree = "<group>"; };
		BE2AFB902C4E38C200C6718C /* UserDefaultsKey.swift */ = {isa = PBXFileReference; lastKnownFileType = sourcecode.swift; path = UserDefaultsKey.swift; sourceTree = "<group>"; };
		BE2AFB932C4E3A8A00C6718C /* UIViewController+.swift */ = {isa = PBXFileReference; lastKnownFileType = sourcecode.swift; path = "UIViewController+.swift"; sourceTree = "<group>"; };
		BE2AFB962C4E3C2500C6718C /* MainTabBarController.swift */ = {isa = PBXFileReference; lastKnownFileType = sourcecode.swift; path = MainTabBarController.swift; sourceTree = "<group>"; };
		BE2AFB992C4E3E3F00C6718C /* MPDesign.swift */ = {isa = PBXFileReference; lastKnownFileType = sourcecode.swift; path = MPDesign.swift; sourceTree = "<group>"; };
		BE2AFB9B2C4E437200C6718C /* UIFont+.swift */ = {isa = PBXFileReference; lastKnownFileType = sourcecode.swift; path = "UIFont+.swift"; sourceTree = "<group>"; };
		BE2AFB9E2C4E444500C6718C /* Observable.swift */ = {isa = PBXFileReference; lastKnownFileType = sourcecode.swift; path = Observable.swift; sourceTree = "<group>"; };
		BE2AFBA32C4E487800C6718C /* Literal.swift */ = {isa = PBXFileReference; lastKnownFileType = sourcecode.swift; path = Literal.swift; sourceTree = "<group>"; };
		BE2AFBA52C4E4B9800C6718C /* Observable+UIKit.swift */ = {isa = PBXFileReference; lastKnownFileType = sourcecode.swift; path = "Observable+UIKit.swift"; sourceTree = "<group>"; };
		BE2AFBA72C4E4BF800C6718C /* ObservableControlEvent.swift */ = {isa = PBXFileReference; lastKnownFileType = sourcecode.swift; path = ObservableControlEvent.swift; sourceTree = "<group>"; };
		BE2AFBA92C4E4C4600C6718C /* ObservableCollectionViewDelegateProxy.swift */ = {isa = PBXFileReference; lastKnownFileType = sourcecode.swift; path = ObservableCollectionViewDelegateProxy.swift; sourceTree = "<group>"; };
		BE2AFBAB2C4E510800C6718C /* UIButton+.swift */ = {isa = PBXFileReference; lastKnownFileType = sourcecode.swift; path = "UIButton+.swift"; sourceTree = "<group>"; };
		BE2AFBAD2C4E53B800C6718C /* IntegerLiteralType+.swift */ = {isa = PBXFileReference; lastKnownFileType = sourcecode.swift; path = "IntegerLiteralType+.swift"; sourceTree = "<group>"; };
		BE2AFBAF2C4E579700C6718C /* ObservableBag.swift */ = {isa = PBXFileReference; lastKnownFileType = sourcecode.swift; path = ObservableBag.swift; sourceTree = "<group>"; };
		BE2AFBB12C4E612D00C6718C /* OnboardingViewModel.swift */ = {isa = PBXFileReference; lastKnownFileType = sourcecode.swift; path = OnboardingViewModel.swift; sourceTree = "<group>"; };
		BE2AFBB52C4E61DE00C6718C /* MBTI.swift */ = {isa = PBXFileReference; lastKnownFileType = sourcecode.swift; path = MBTI.swift; sourceTree = "<group>"; };
		BE2AFBB82C4E655B00C6718C /* ProfileSettingViewController.swift */ = {isa = PBXFileReference; lastKnownFileType = sourcecode.swift; path = ProfileSettingViewController.swift; sourceTree = "<group>"; };
		BE2AFBBA2C4E7D8000C6718C /* BaseStackView.swift */ = {isa = PBXFileReference; lastKnownFileType = sourcecode.swift; path = BaseStackView.swift; sourceTree = "<group>"; };
		BE2AFBBD2C4E822C00C6718C /* UIViewBuilder.swift */ = {isa = PBXFileReference; lastKnownFileType = sourcecode.swift; path = UIViewBuilder.swift; sourceTree = "<group>"; };
		BE2AFBBF2C4E823900C6718C /* DeclarativeStackView.swift */ = {isa = PBXFileReference; lastKnownFileType = sourcecode.swift; path = DeclarativeStackView.swift; sourceTree = "<group>"; };
		BE2AFBC12C4E882E00C6718C /* MBTISelectionView.swift */ = {isa = PBXFileReference; lastKnownFileType = sourcecode.swift; path = MBTISelectionView.swift; sourceTree = "<group>"; };
		BE2AFBC32C4E884D00C6718C /* MBTIElementSelectionView.swift */ = {isa = PBXFileReference; lastKnownFileType = sourcecode.swift; path = MBTIElementSelectionView.swift; sourceTree = "<group>"; };
		BE2AFBC52C4E8A9400C6718C /* ProfileSettingViewModel.swift */ = {isa = PBXFileReference; lastKnownFileType = sourcecode.swift; path = ProfileSettingViewModel.swift; sourceTree = "<group>"; };
		BE2AFBCA2C4E9EA900C6718C /* CircleButton.swift */ = {isa = PBXFileReference; lastKnownFileType = sourcecode.swift; path = CircleButton.swift; sourceTree = "<group>"; };
		BE2AFBCC2C4EA04300C6718C /* ToggleView.swift */ = {isa = PBXFileReference; lastKnownFileType = sourcecode.swift; path = ToggleView.swift; sourceTree = "<group>"; };
		BE2AFBCE2C4EA05300C6718C /* MBTIButton.swift */ = {isa = PBXFileReference; lastKnownFileType = sourcecode.swift; path = MBTIButton.swift; sourceTree = "<group>"; };
		BE2AFBD02C4EA29A00C6718C /* BaseButton.swift */ = {isa = PBXFileReference; lastKnownFileType = sourcecode.swift; path = BaseButton.swift; sourceTree = "<group>"; };
		BE5F222F2C4F933500CC7DD6 /* RealmStorage.swift */ = {isa = PBXFileReference; lastKnownFileType = sourcecode.swift; path = RealmStorage.swift; sourceTree = "<group>"; };
		BE5F22332C4F944D00CC7DD6 /* RealmStorage+Migration.swift */ = {isa = PBXFileReference; lastKnownFileType = sourcecode.swift; path = "RealmStorage+Migration.swift"; sourceTree = "<group>"; };
		BE5F22362C4F965C00CC7DD6 /* ProfileImageButton.swift */ = {isa = PBXFileReference; lastKnownFileType = sourcecode.swift; path = ProfileImageButton.swift; sourceTree = "<group>"; };
		BE5F22422C4FAA0B00CC7DD6 /* TopicCVCell.swift */ = {isa = PBXFileReference; lastKnownFileType = sourcecode.swift; path = TopicCVCell.swift; sourceTree = "<group>"; };
		BE5F22442C4FAA4200CC7DD6 /* TopicCollectionView.swift */ = {isa = PBXFileReference; lastKnownFileType = sourcecode.swift; path = TopicCollectionView.swift; sourceTree = "<group>"; };
		BE5F22462C4FAAF200CC7DD6 /* TopicViewController.swift */ = {isa = PBXFileReference; lastKnownFileType = sourcecode.swift; path = TopicViewController.swift; sourceTree = "<group>"; };
		BE5F22482C4FAD5700CC7DD6 /* NSDirectionalEdgeInsets+.swift */ = {isa = PBXFileReference; lastKnownFileType = sourcecode.swift; path = "NSDirectionalEdgeInsets+.swift"; sourceTree = "<group>"; };
		BE5F224A2C4FAF7100CC7DD6 /* Secret.xcconfig */ = {isa = PBXFileReference; lastKnownFileType = text.xcconfig; path = Secret.xcconfig; sourceTree = "<group>"; };
		BE5F224C2C4FB23500CC7DD6 /* TopicDTO.swift */ = {isa = PBXFileReference; lastKnownFileType = sourcecode.swift; path = TopicDTO.swift; sourceTree = "<group>"; };
		BE5F22512C4FB49500CC7DD6 /* Topic.json */ = {isa = PBXFileReference; lastKnownFileType = text.json; path = Topic.json; sourceTree = "<group>"; };
		BE5F22572C4FB53400CC7DD6 /* PolaroidTests.xctest */ = {isa = PBXFileReference; explicitFileType = wrapper.cfbundle; includeInIndex = 0; path = PolaroidTests.xctest; sourceTree = BUILT_PRODUCTS_DIR; };
		BE5F22592C4FB53400CC7DD6 /* DTOParseTests.swift */ = {isa = PBXFileReference; lastKnownFileType = sourcecode.swift; path = DTOParseTests.swift; sourceTree = "<group>"; };
		BE5F22612C50D2B600CC7DD6 /* ProfileImageEditViewController.swift */ = {isa = PBXFileReference; lastKnownFileType = sourcecode.swift; path = ProfileImageEditViewController.swift; sourceTree = "<group>"; };
		BE5F22662C50F6D900CC7DD6 /* ProfileImageViewModel.swift */ = {isa = PBXFileReference; lastKnownFileType = sourcecode.swift; path = ProfileImageViewModel.swift; sourceTree = "<group>"; };
		BE5F22682C50F6E000CC7DD6 /* ProfileImageCVCell.swift */ = {isa = PBXFileReference; lastKnownFileType = sourcecode.swift; path = ProfileImageCVCell.swift; sourceTree = "<group>"; };
		BE5F226A2C50F6FA00CC7DD6 /* ProfileImageCollectionView.swift */ = {isa = PBXFileReference; lastKnownFileType = sourcecode.swift; path = ProfileImageCollectionView.swift; sourceTree = "<group>"; };
		BE5F226C2C50FC5100CC7DD6 /* ProfileImageItem.swift */ = {isa = PBXFileReference; lastKnownFileType = sourcecode.swift; path = ProfileImageItem.swift; sourceTree = "<group>"; };
		BE5F226E2C50FC5700CC7DD6 /* ProfileImageSection.swift */ = {isa = PBXFileReference; lastKnownFileType = sourcecode.swift; path = ProfileImageSection.swift; sourceTree = "<group>"; };
		BE5F22702C50FCA100CC7DD6 /* TopicSection.swift */ = {isa = PBXFileReference; lastKnownFileType = sourcecode.swift; path = TopicSection.swift; sourceTree = "<group>"; };
		BE5F22752C51043C00CC7DD6 /* RandomViewController.swift */ = {isa = PBXFileReference; lastKnownFileType = sourcecode.swift; path = RandomViewController.swift; sourceTree = "<group>"; };
		BE5F22782C51704D00CC7DD6 /* RandomCollectionView.swift */ = {isa = PBXFileReference; lastKnownFileType = sourcecode.swift; path = RandomCollectionView.swift; sourceTree = "<group>"; };
		BE5F227A2C51705200CC7DD6 /* RandomCVCell.swift */ = {isa = PBXFileReference; lastKnownFileType = sourcecode.swift; path = RandomCVCell.swift; sourceTree = "<group>"; };
		BE5F22A52C520E6100CC7DD6 /* SearchEndpoint.swift */ = {isa = PBXFileReference; lastKnownFileType = sourcecode.swift; path = SearchEndpoint.swift; sourceTree = "<group>"; };
		BE5F22A72C520E7900CC7DD6 /* SearchRequest.swift */ = {isa = PBXFileReference; lastKnownFileType = sourcecode.swift; path = SearchRequest.swift; sourceTree = "<group>"; };
		BE5F22AB2C520F5500CC7DD6 /* RandomEndpoint.swift */ = {isa = PBXFileReference; lastKnownFileType = sourcecode.swift; path = RandomEndpoint.swift; sourceTree = "<group>"; };
		BE5F22AD2C520F9700CC7DD6 /* RandomRepository.swift */ = {isa = PBXFileReference; lastKnownFileType = sourcecode.swift; path = RandomRepository.swift; sourceTree = "<group>"; };
		BE5F22AF2C520FF200CC7DD6 /* Random.json */ = {isa = PBXFileReference; lastKnownFileType = text.json; path = Random.json; sourceTree = "<group>"; };
		BE5F22B12C52107800CC7DD6 /* RandomDTO.swift */ = {isa = PBXFileReference; lastKnownFileType = sourcecode.swift; path = RandomDTO.swift; sourceTree = "<group>"; };
		BE5F22D52C523FD100CC7DD6 /* Date+.swift */ = {isa = PBXFileReference; lastKnownFileType = sourcecode.swift; path = "Date+.swift"; sourceTree = "<group>"; };
		BE5F22D72C5243E800CC7DD6 /* RandomImage.swift */ = {isa = PBXFileReference; lastKnownFileType = sourcecode.swift; path = RandomImage.swift; sourceTree = "<group>"; };
		BE5F22D92C52449000CC7DD6 /* RandomViewModel.swift */ = {isa = PBXFileReference; lastKnownFileType = sourcecode.swift; path = RandomViewModel.swift; sourceTree = "<group>"; };
		BE5F22DB2C52488200CC7DD6 /* ImageCreateInfoView.swift */ = {isa = PBXFileReference; lastKnownFileType = sourcecode.swift; path = ImageCreateInfoView.swift; sourceTree = "<group>"; };
		BE5F22DE2C524A9D00CC7DD6 /* CacheableObject.swift */ = {isa = PBXFileReference; lastKnownFileType = sourcecode.swift; path = CacheableObject.swift; sourceTree = "<group>"; };
		BE5F22E02C524AB100CC7DD6 /* CacheConfiguration.swift */ = {isa = PBXFileReference; lastKnownFileType = sourcecode.swift; path = CacheConfiguration.swift; sourceTree = "<group>"; };
		BE5F22E22C524AC000CC7DD6 /* CacheService.swift */ = {isa = PBXFileReference; lastKnownFileType = sourcecode.swift; path = CacheService.swift; sourceTree = "<group>"; };
		BE5F22E42C524ACF00CC7DD6 /* CacheStorage.swift */ = {isa = PBXFileReference; lastKnownFileType = sourcecode.swift; path = CacheStorage.swift; sourceTree = "<group>"; };
		BE5F22E62C524B1800CC7DD6 /* CacheWrapper.swift */ = {isa = PBXFileReference; lastKnownFileType = sourcecode.swift; path = CacheWrapper.swift; sourceTree = "<group>"; };
		BE5F22E82C524B2400CC7DD6 /* DataSize.swift */ = {isa = PBXFileReference; lastKnownFileType = sourcecode.swift; path = DataSize.swift; sourceTree = "<group>"; };
		BE5F22EA2C524B5A00CC7DD6 /* UIImageView+.swift */ = {isa = PBXFileReference; lastKnownFileType = sourcecode.swift; path = "UIImageView+.swift"; sourceTree = "<group>"; };
		BE5F22F22C52667000CC7DD6 /* DateFormat.swift */ = {isa = PBXFileReference; lastKnownFileType = sourcecode.swift; path = DateFormat.swift; sourceTree = "<group>"; };
		BE5F22F42C526D6400CC7DD6 /* Appearance.swift */ = {isa = PBXFileReference; lastKnownFileType = sourcecode.swift; path = Appearance.swift; sourceTree = "<group>"; };
/* End PBXFileReference section */

/* Begin PBXFrameworksBuildPhase section */
		BE2AFB212C4E280400C6718C /* Frameworks */ = {
			isa = PBXFrameworksBuildPhase;
			buildActionMask = 2147483647;
			files = (
				BE2AFB4C2C4E2C4B00C6718C /* Neat in Frameworks */,
				BE2AFBA22C4E481B00C6718C /* SnapKit in Frameworks */,
				BE2AFB462C4E2C0200C6718C /* RealmSwift in Frameworks */,
				BE2AFB492C4E2C1800C6718C /* Alamofire in Frameworks */,
				BE5F22F12C52644600CC7DD6 /* Kingfisher in Frameworks */,
			);
			runOnlyForDeploymentPostprocessing = 0;
		};
		BE5F22542C4FB53400CC7DD6 /* Frameworks */ = {
			isa = PBXFrameworksBuildPhase;
			buildActionMask = 2147483647;
			files = (
			);
			runOnlyForDeploymentPostprocessing = 0;
		};
/* End PBXFrameworksBuildPhase section */

/* Begin PBXGroup section */
		8E768E342C4EC5940062431F /* Validation */ = {
			isa = PBXGroup;
			children = (
				8E768E372C4EC5CA0062431F /* NicknameValidator.swift */,
				8E768E352C4EC5A10062431F /* RegexValidator.swift */,
			);
			path = Validation;
			sourceTree = "<group>";
		};
		8E768E3D2C5017860062431F /* Endpoint */ = {
			isa = PBXGroup;
			children = (
				8E768E422C5017B00062431F /* EndpointError.swift */,
				8E768E3E2C5017950062431F /* EndpointRepresentable.swift */,
				8E768E4B2C501AD10062431F /* HTTPMethod.swift */,
				8E768E402C50179A0062431F /* Scheme.swift */,
			);
			path = Endpoint;
			sourceTree = "<group>";
		};
		8E768E442C5018FC0062431F /* Endpoint */ = {
			isa = PBXGroup;
			children = (
				BE5F22A52C520E6100CC7DD6 /* SearchEndpoint.swift */,
				8E768E502C501E080062431F /* TopicEndpoint.swift */,
				8E768E452C50192A0062431F /* UnsplashEndpoint.swift */,
				BE5F22AB2C520F5500CC7DD6 /* RandomEndpoint.swift */,
			);
			path = Endpoint;
			sourceTree = "<group>";
		};
		8E768E4D2C501DEB0062431F /* Request */ = {
			isa = PBXGroup;
			children = (
				BE5F22A72C520E7900CC7DD6 /* SearchRequest.swift */,
				8E768E4E2C501DF40062431F /* TopicRequest.swift */,
				BE2AFB982C4E3E2D00C6718C /* Design */,
			);
			path = Request;
			sourceTree = "<group>";
		};
		8E768E522C501E410062431F /* Repository */ = {
			isa = PBXGroup;
			children = (
				BE5F22AD2C520F9700CC7DD6 /* RandomRepository.swift */,
				8E768E532C501E800062431F /* TopicRepository.swift */,
			);
			path = Repository;
			sourceTree = "<group>";
		};
		BE2AFB1B2C4E280400C6718C = {
			isa = PBXGroup;
			children = (
				BE2AFB3D2C4E28DA00C6718C /* .gitmessage.txt */,
				BE2AFB3B2C4E28AE00C6718C /* .gitignore */,
				BE2AFB262C4E280400C6718C /* Polaroid */,
				BE5F22582C4FB53400CC7DD6 /* PolaroidTests */,
				BE2AFB252C4E280400C6718C /* Products */,
			);
			sourceTree = "<group>";
		};
		BE2AFB252C4E280400C6718C /* Products */ = {
			isa = PBXGroup;
			children = (
				BE2AFB242C4E280400C6718C /* Polaroid.app */,
				BE5F22572C4FB53400CC7DD6 /* PolaroidTests.xctest */,
			);
			name = Products;
			sourceTree = "<group>";
		};
		BE2AFB262C4E280400C6718C /* Polaroid */ = {
			isa = PBXGroup;
			children = (
				BE2AFB402C4E2A9000C6718C /* Sources */,
				BE2AFB3F2C4E2A8B00C6718C /* Resources */,
			);
			path = Polaroid;
			sourceTree = "<group>";
		};
		BE2AFB3F2C4E2A8B00C6718C /* Resources */ = {
			isa = PBXGroup;
			children = (
				BE2AFB302C4E280700C6718C /* Assets.xcassets */,
				BE2AFB322C4E280700C6718C /* LaunchScreen.storyboard */,
				BE2AFB352C4E280700C6718C /* Info.plist */,
				BE5F224A2C4FAF7100CC7DD6 /* Secret.xcconfig */,
			);
			path = Resources;
			sourceTree = "<group>";
		};
		BE2AFB402C4E2A9000C6718C /* Sources */ = {
			isa = PBXGroup;
			children = (
				BE2AFB412C4E2A9800C6718C /* App */,
				BE5F222D2C4F931300CC7DD6 /* Data */,
				BE2AFBB32C4E61D100C6718C /* Domain */,
				BE2AFB4D2C4E2E2600C6718C /* Foundation */,
				BE2AFB422C4E2A9C00C6718C /* Presentation */,
			);
			path = Sources;
			sourceTree = "<group>";
		};
		BE2AFB412C4E2A9800C6718C /* App */ = {
			isa = PBXGroup;
			children = (
				BE2AFB272C4E280400C6718C /* AppDelegate.swift */,
				BE2AFB292C4E280400C6718C /* SceneDelegate.swift */,
			);
			path = App;
			sourceTree = "<group>";
		};
		BE2AFB422C4E2A9C00C6718C /* Presentation */ = {
			isa = PBXGroup;
			children = (
				BE5F22F42C526D6400CC7DD6 /* Appearance.swift */,
				BE2AFBC92C4E9EA400C6718C /* Common */,
				BE2AFB952C4E3C1F00C6718C /* MainTab */,
				BE2AFB922C4E39AC00C6718C /* Onboarding */,
				BE2AFBB72C4E652A00C6718C /* Profile */,
				BE5F22412C4FA9FE00CC7DD6 /* Topic */,
				BE5F22742C51042500CC7DD6 /* Random */,
			);
			path = Presentation;
			sourceTree = "<group>";
		};
		BE2AFB4D2C4E2E2600C6718C /* Foundation */ = {
			isa = PBXGroup;
			children = (
				BE5F22F22C52667000CC7DD6 /* DateFormat.swift */,
				BE2AFBA32C4E487800C6718C /* Literal.swift */,
				8E768E492C5019E80062431F /* Secret.swift */,
				BE2AFB6C2C4E335900C6718C /* Architecture */,
				BE2AFB732C4E340300C6718C /* BaseObject */,
				BE5F22DD2C524A9800CC7DD6 /* Cache */,
				BE2AFB872C4E36D600C6718C /* Debug */,
				8E768E3D2C5017860062431F /* Endpoint */,
				BE2AFB532C4E2E5700C6718C /* Extension */,
				BE2AFB9D2C4E441D00C6718C /* Observable */,
				BE2AFB8D2C4E387D00C6718C /* UserDefaults */,
				8E768E342C4EC5940062431F /* Validation */,
				BE2AFB652C4E329700C6718C /* Weak */,
			);
			path = Foundation;
			sourceTree = "<group>";
		};
		BE2AFB532C4E2E5700C6718C /* Extension */ = {
			isa = PBXGroup;
			children = (
				BE5F22D52C523FD100CC7DD6 /* Date+.swift */,
				BE2AFBAD2C4E53B800C6718C /* IntegerLiteralType+.swift */,
				BE5F22482C4FAD5700CC7DD6 /* NSDirectionalEdgeInsets+.swift */,
				BE2AFBAB2C4E510800C6718C /* UIButton+.swift */,
				BE2AFB9B2C4E437200C6718C /* UIFont+.swift */,
				BE5F22EA2C524B5A00CC7DD6 /* UIImageView+.swift */,
				BE2AFB932C4E3A8A00C6718C /* UIViewController+.swift */,
				BE2AFB642C4E323200C6718C /* Combine */,
			);
			path = Extension;
			sourceTree = "<group>";
		};
		BE2AFB642C4E323200C6718C /* Combine */ = {
			isa = PBXGroup;
			children = (
				BE2AFB542C4E2EAC00C6718C /* CancelBag.swift */,
				BE2AFB562C4E2F0700C6718C /* CombineControlCompatible.swift */,
				BE2AFB582C4E2FA400C6718C /* ControlEventPublisher.swift */,
				BE2AFB5A2C4E2FAB00C6718C /* ControlSubscription.swift */,
				BE2AFB5C2C4E2FB100C6718C /* UITableViewDelegateProxy.swift */,
				BE2AFB5E2C4E2FB800C6718C /* UICollectionViewDelegateProxy.swift */,
				BE2AFB602C4E2FC600C6718C /* UIKit+Combine.swift */,
				BE2AFB622C4E2FCD00C6718C /* Publisher+.swift */,
			);
			path = Combine;
			sourceTree = "<group>";
		};
		BE2AFB652C4E329700C6718C /* Weak */ = {
			isa = PBXGroup;
			children = (
				BE2AFB6A2C4E334200C6718C /* DeinitHandler.swift */,
				BE2AFB662C4E329D00C6718C /* Weak.swift */,
				BE2AFB682C4E333500C6718C /* WeakStorage.swift */,
			);
			path = Weak;
			sourceTree = "<group>";
		};
		BE2AFB6C2C4E335900C6718C /* Architecture */ = {
			isa = PBXGroup;
			children = (
				BE2AFB712C4E337200C6718C /* View.swift */,
				BE2AFB6F2C4E336D00C6718C /* ViewModel.swift */,
				BE2AFB6D2C4E335F00C6718C /* ViewModelStorage.swift */,
			);
			path = Architecture;
			sourceTree = "<group>";
		};
		BE2AFB732C4E340300C6718C /* BaseObject */ = {
			isa = PBXGroup;
			children = (
				BE2AFB762C4E342200C6718C /* BaseCollectionViewCell.swift */,
				BE2AFBD02C4EA29A00C6718C /* BaseButton.swift */,
				BE2AFBBA2C4E7D8000C6718C /* BaseStackView.swift */,
				BE2AFB7A2C4E342C00C6718C /* BaseView.swift */,
				BE2AFB742C4E340E00C6718C /* BaseViewController.swift */,
				BE2AFBBC2C4E821B00C6718C /* UIViewBuilder */,
				BE2AFB7C2C4E348200C6718C /* ModernCollectionView */,
			);
			path = BaseObject;
			sourceTree = "<group>";
		};
		BE2AFB7C2C4E348200C6718C /* ModernCollectionView */ = {
			isa = PBXGroup;
			children = (
				BE2AFB812C4E34C900C6718C /* CompositionalCollectionViewType.swift */,
				BE2AFB7D2C4E349E00C6718C /* DiffableCollectionViewType.swift */,
				BE2AFB832C4E34E800C6718C /* ModernCollectionView.swift */,
				BE2AFB852C4E355A00C6718C /* RegistrableCellType.swift */,
				BE2AFB7F2C4E34BD00C6718C /* SectionData.swift */,
			);
			path = ModernCollectionView;
			sourceTree = "<group>";
		};
		BE2AFB872C4E36D600C6718C /* Debug */ = {
			isa = PBXGroup;
			children = (
				BE2AFB882C4E36DD00C6718C /* Logger.swift */,
			);
			path = Debug;
			sourceTree = "<group>";
		};
		BE2AFB8D2C4E387D00C6718C /* UserDefaults */ = {
			isa = PBXGroup;
			children = (
				BE2AFB8E2C4E388900C6718C /* UserDefaultsWrapper.swift */,
				BE2AFB902C4E38C200C6718C /* UserDefaultsKey.swift */,
			);
			path = UserDefaults;
			sourceTree = "<group>";
		};
		BE2AFB922C4E39AC00C6718C /* Onboarding */ = {
			isa = PBXGroup;
			children = (
				BE2AFB2B2C4E280400C6718C /* OnboardingViewController.swift */,
				BE2AFBB12C4E612D00C6718C /* OnboardingViewModel.swift */,
			);
			path = Onboarding;
			sourceTree = "<group>";
		};
		BE2AFB952C4E3C1F00C6718C /* MainTab */ = {
			isa = PBXGroup;
			children = (
				BE2AFB962C4E3C2500C6718C /* MainTabBarController.swift */,
			);
			path = MainTab;
			sourceTree = "<group>";
		};
		BE2AFB982C4E3E2D00C6718C /* Design */ = {
			isa = PBXGroup;
			children = (
				BE2AFB992C4E3E3F00C6718C /* MPDesign.swift */,
			);
			path = Design;
			sourceTree = "<group>";
		};
		BE2AFB9D2C4E441D00C6718C /* Observable */ = {
			isa = PBXGroup;
			children = (
				BE2AFB9E2C4E444500C6718C /* Observable.swift */,
				BE2AFBAF2C4E579700C6718C /* ObservableBag.swift */,
				BE2AFBA72C4E4BF800C6718C /* ObservableControlEvent.swift */,
				BE2AFBA92C4E4C4600C6718C /* ObservableCollectionViewDelegateProxy.swift */,
				BE2AFBA52C4E4B9800C6718C /* Observable+UIKit.swift */,
			);
			path = Observable;
			sourceTree = "<group>";
		};
		BE2AFBB32C4E61D100C6718C /* Domain */ = {
			isa = PBXGroup;
			children = (
				BE2AFBB42C4E61D700C6718C /* Model */,
			);
			path = Domain;
			sourceTree = "<group>";
		};
		BE2AFBB42C4E61D700C6718C /* Model */ = {
			isa = PBXGroup;
			children = (
				BE2AFBB52C4E61DE00C6718C /* MBTI.swift */,
				8E768E582C508F3F0062431F /* MinimumUnsplashImage.swift */,
				BE5F22D72C5243E800CC7DD6 /* RandomImage.swift */,
				BE5F226C2C50FC5100CC7DD6 /* ProfileImageItem.swift */,
				BE5F226E2C50FC5700CC7DD6 /* ProfileImageSection.swift */,
				BE5F22702C50FCA100CC7DD6 /* TopicSection.swift */,
			);
			path = Model;
			sourceTree = "<group>";
		};
		BE2AFBB72C4E652A00C6718C /* Profile */ = {
			isa = PBXGroup;
			children = (
				BE5F22652C50F69700CC7DD6 /* ProfileImage */,
				BE5F22642C50F69400CC7DD6 /* ProfileSetting */,
			);
			path = Profile;
			sourceTree = "<group>";
		};
		BE2AFBBC2C4E821B00C6718C /* UIViewBuilder */ = {
			isa = PBXGroup;
			children = (
				BE2AFBBD2C4E822C00C6718C /* UIViewBuilder.swift */,
				BE2AFBBF2C4E823900C6718C /* DeclarativeStackView.swift */,
			);
			path = UIViewBuilder;
			sourceTree = "<group>";
		};
		BE2AFBC92C4E9EA400C6718C /* Common */ = {
			isa = PBXGroup;
			children = (
				BE2AFBCA2C4E9EA900C6718C /* CircleButton.swift */,
				8E768E8A2C513EE40062431F /* CapsuleView.swift */,
				BE5F22362C4F965C00CC7DD6 /* ProfileImageButton.swift */,
				8E768E8C2C5147E90062431F /* ToastView.swift */,
				BE2AFBCC2C4EA04300C6718C /* ToggleView.swift */,
				BE5F22DB2C52488200CC7DD6 /* ImageCreateInfoView.swift */,
			);
			path = Common;
			sourceTree = "<group>";
		};
		BE5F222D2C4F931300CC7DD6 /* Data */ = {
			isa = PBXGroup;
			children = (
				8E768E442C5018FC0062431F /* Endpoint */,
				BE5F222E2C4F931A00CC7DD6 /* DataBase */,
				BE5F224B2C4FB22E00CC7DD6 /* DTO */,
				8E768E522C501E410062431F /* Repository */,
				8E768E4D2C501DEB0062431F /* Request */,
			);
			path = Data;
			sourceTree = "<group>";
		};
		BE5F222E2C4F931A00CC7DD6 /* DataBase */ = {
			isa = PBXGroup;
			children = (
				BE5F222F2C4F933500CC7DD6 /* RealmStorage.swift */,
				BE5F22332C4F944D00CC7DD6 /* RealmStorage+Migration.swift */,
			);
			path = DataBase;
			sourceTree = "<group>";
		};
		BE5F22352C4F94E400CC7DD6 /* View */ = {
			isa = PBXGroup;
			children = (
				BE2AFBC12C4E882E00C6718C /* MBTISelectionView.swift */,
				BE2AFBC32C4E884D00C6718C /* MBTIElementSelectionView.swift */,
				BE2AFBCE2C4EA05300C6718C /* MBTIButton.swift */,
			);
			path = View;
			sourceTree = "<group>";
		};
		BE5F22412C4FA9FE00CC7DD6 /* Topic */ = {
			isa = PBXGroup;
			children = (
				BE5F22462C4FAAF200CC7DD6 /* TopicViewController.swift */,
				8E768E8E2C51482D0062431F /* TopicViewModel.swift */,
				BE5F22732C50FCD300CC7DD6 /* View */,
			);
			path = Topic;
			sourceTree = "<group>";
		};
		BE5F224B2C4FB22E00CC7DD6 /* DTO */ = {
			isa = PBXGroup;
			children = (
				BE5F22B12C52107800CC7DD6 /* RandomDTO.swift */,
				BE5F224C2C4FB23500CC7DD6 /* TopicDTO.swift */,
			);
			path = DTO;
			sourceTree = "<group>";
		};
		BE5F224E2C4FB47E00CC7DD6 /* Mock */ = {
			isa = PBXGroup;
			children = (
				BE5F22512C4FB49500CC7DD6 /* Topic.json */,
				BE5F22AF2C520FF200CC7DD6 /* Random.json */,
			);
			path = Mock;
			sourceTree = "<group>";
		};
		BE5F22582C4FB53400CC7DD6 /* PolaroidTests */ = {
			isa = PBXGroup;
			children = (
				BE5F224E2C4FB47E00CC7DD6 /* Mock */,
				BE5F22592C4FB53400CC7DD6 /* DTOParseTests.swift */,
			);
			path = PolaroidTests;
			sourceTree = "<group>";
		};
		BE5F22642C50F69400CC7DD6 /* ProfileSetting */ = {
			isa = PBXGroup;
			children = (
				BE2AFBB82C4E655B00C6718C /* ProfileSettingViewController.swift */,
				BE2AFBC52C4E8A9400C6718C /* ProfileSettingViewModel.swift */,
				BE5F22352C4F94E400CC7DD6 /* View */,
			);
			path = ProfileSetting;
			sourceTree = "<group>";
		};
		BE5F22652C50F69700CC7DD6 /* ProfileImage */ = {
			isa = PBXGroup;
			children = (
				BE5F22612C50D2B600CC7DD6 /* ProfileImageEditViewController.swift */,
				BE5F22662C50F6D900CC7DD6 /* ProfileImageViewModel.swift */,
				BE5F22722C50FCCB00CC7DD6 /* View */,
			);
			path = ProfileImage;
			sourceTree = "<group>";
		};
		BE5F22722C50FCCB00CC7DD6 /* View */ = {
			isa = PBXGroup;
			children = (
				BE5F226A2C50F6FA00CC7DD6 /* ProfileImageCollectionView.swift */,
				BE5F22682C50F6E000CC7DD6 /* ProfileImageCVCell.swift */,
			);
			path = View;
			sourceTree = "<group>";
		};
		BE5F22732C50FCD300CC7DD6 /* View */ = {
			isa = PBXGroup;
			children = (
				BE5F22442C4FAA4200CC7DD6 /* TopicCollectionView.swift */,
				BE5F22422C4FAA0B00CC7DD6 /* TopicCVCell.swift */,
			);
			path = View;
			sourceTree = "<group>";
		};
		BE5F22742C51042500CC7DD6 /* Random */ = {
			isa = PBXGroup;
			children = (
				BE5F22752C51043C00CC7DD6 /* RandomViewController.swift */,
				BE5F22D92C52449000CC7DD6 /* RandomViewModel.swift */,
				BE5F22772C51704700CC7DD6 /* View */,
			);
			path = Random;
			sourceTree = "<group>";
		};
		BE5F22772C51704700CC7DD6 /* View */ = {
			isa = PBXGroup;
			children = (
				BE5F22782C51704D00CC7DD6 /* RandomCollectionView.swift */,
				BE5F227A2C51705200CC7DD6 /* RandomCVCell.swift */,
			);
			path = View;
			sourceTree = "<group>";
		};
		BE5F22DD2C524A9800CC7DD6 /* Cache */ = {
			isa = PBXGroup;
			children = (
				BE5F22DE2C524A9D00CC7DD6 /* CacheableObject.swift */,
				BE5F22E02C524AB100CC7DD6 /* CacheConfiguration.swift */,
				BE5F22E22C524AC000CC7DD6 /* CacheService.swift */,
				BE5F22E42C524ACF00CC7DD6 /* CacheStorage.swift */,
				BE5F22E62C524B1800CC7DD6 /* CacheWrapper.swift */,
				BE5F22E82C524B2400CC7DD6 /* DataSize.swift */,
			);
			path = Cache;
			sourceTree = "<group>";
		};
/* End PBXGroup section */

/* Begin PBXNativeTarget section */
		BE2AFB232C4E280400C6718C /* Polaroid */ = {
			isa = PBXNativeTarget;
			buildConfigurationList = BE2AFB382C4E280700C6718C /* Build configuration list for PBXNativeTarget "Polaroid" */;
			buildPhases = (
				BE2AFB202C4E280400C6718C /* Sources */,
				BE2AFB212C4E280400C6718C /* Frameworks */,
				BE2AFB222C4E280400C6718C /* Resources */,
			);
			buildRules = (
			);
			dependencies = (
			);
			name = Polaroid;
			packageProductDependencies = (
				BE2AFB452C4E2C0200C6718C /* RealmSwift */,
				BE2AFB482C4E2C1800C6718C /* Alamofire */,
				BE2AFB4B2C4E2C4B00C6718C /* Neat */,
				BE2AFBA12C4E481B00C6718C /* SnapKit */,
				BE5F22F02C52644600CC7DD6 /* Kingfisher */,
			);
			productName = Polaroid;
			productReference = BE2AFB242C4E280400C6718C /* Polaroid.app */;
			productType = "com.apple.product-type.application";
		};
		BE5F22562C4FB53400CC7DD6 /* PolaroidTests */ = {
			isa = PBXNativeTarget;
			buildConfigurationList = BE5F225D2C4FB53400CC7DD6 /* Build configuration list for PBXNativeTarget "PolaroidTests" */;
			buildPhases = (
				BE5F22532C4FB53400CC7DD6 /* Sources */,
				BE5F22542C4FB53400CC7DD6 /* Frameworks */,
				BE5F22552C4FB53400CC7DD6 /* Resources */,
			);
			buildRules = (
			);
			dependencies = (
				BE5F225C2C4FB53400CC7DD6 /* PBXTargetDependency */,
			);
			name = PolaroidTests;
			productName = PolaroidTests;
			productReference = BE5F22572C4FB53400CC7DD6 /* PolaroidTests.xctest */;
			productType = "com.apple.product-type.bundle.unit-test";
		};
/* End PBXNativeTarget section */

/* Begin PBXProject section */
		BE2AFB1C2C4E280400C6718C /* Project object */ = {
			isa = PBXProject;
			attributes = {
				BuildIndependentTargetsInParallel = 1;
				LastSwiftUpdateCheck = 1540;
				LastUpgradeCheck = 1540;
				TargetAttributes = {
					BE2AFB232C4E280400C6718C = {
						CreatedOnToolsVersion = 15.4;
					};
					BE5F22562C4FB53400CC7DD6 = {
						CreatedOnToolsVersion = 15.4;
						TestTargetID = BE2AFB232C4E280400C6718C;
					};
				};
			};
			buildConfigurationList = BE2AFB1F2C4E280400C6718C /* Build configuration list for PBXProject "Polaroid" */;
			compatibilityVersion = "Xcode 14.0";
			developmentRegion = en;
			hasScannedForEncodings = 0;
			knownRegions = (
				en,
				Base,
			);
			mainGroup = BE2AFB1B2C4E280400C6718C;
			packageReferences = (
				BE2AFB442C4E2C0200C6718C /* XCRemoteSwiftPackageReference "realm-swift" */,
				BE2AFB472C4E2C1800C6718C /* XCRemoteSwiftPackageReference "Alamofire" */,
				BE2AFB4A2C4E2C4B00C6718C /* XCRemoteSwiftPackageReference "Neat" */,
				BE2AFBA02C4E481B00C6718C /* XCRemoteSwiftPackageReference "SnapKit" */,
				BE5F22EF2C52644600CC7DD6 /* XCRemoteSwiftPackageReference "Kingfisher" */,
			);
			productRefGroup = BE2AFB252C4E280400C6718C /* Products */;
			projectDirPath = "";
			projectRoot = "";
			targets = (
				BE2AFB232C4E280400C6718C /* Polaroid */,
				BE5F22562C4FB53400CC7DD6 /* PolaroidTests */,
			);
		};
/* End PBXProject section */

/* Begin PBXResourcesBuildPhase section */
		BE2AFB222C4E280400C6718C /* Resources */ = {
			isa = PBXResourcesBuildPhase;
			buildActionMask = 2147483647;
			files = (
				BE2AFB3C2C4E28AE00C6718C /* .gitignore in Resources */,
				BE2AFB312C4E280700C6718C /* Assets.xcassets in Resources */,
				BE2AFB342C4E280700C6718C /* Base in Resources */,
				BE2AFB3E2C4E28DA00C6718C /* .gitmessage.txt in Resources */,
			);
			runOnlyForDeploymentPostprocessing = 0;
		};
		BE5F22552C4FB53400CC7DD6 /* Resources */ = {
			isa = PBXResourcesBuildPhase;
			buildActionMask = 2147483647;
			files = (
				BE5F22B02C520FF200CC7DD6 /* Random.json in Resources */,
				BE5F22602C4FB7EB00CC7DD6 /* Topic.json in Resources */,
			);
			runOnlyForDeploymentPostprocessing = 0;
		};
/* End PBXResourcesBuildPhase section */

/* Begin PBXSourcesBuildPhase section */
		BE2AFB202C4E280400C6718C /* Sources */ = {
			isa = PBXSourcesBuildPhase;
			buildActionMask = 2147483647;
			files = (
				8E768E432C5017B00062431F /* EndpointError.swift in Sources */,
				BE2AFB592C4E2FA400C6718C /* ControlEventPublisher.swift in Sources */,
				BE2AFB8F2C4E388900C6718C /* UserDefaultsWrapper.swift in Sources */,
				BE2AFB972C4E3C2500C6718C /* MainTabBarController.swift in Sources */,
				BE2AFBA82C4E4BF800C6718C /* ObservableControlEvent.swift in Sources */,
				BE2AFB5B2C4E2FAB00C6718C /* ControlSubscription.swift in Sources */,
				BE5F22EB2C524B5A00CC7DD6 /* UIImageView+.swift in Sources */,
				BE5F22A62C520E6100CC7DD6 /* SearchEndpoint.swift in Sources */,
				BE5F22372C4F965C00CC7DD6 /* ProfileImageButton.swift in Sources */,
				BE5F22E92C524B2400CC7DD6 /* DataSize.swift in Sources */,
				BE5F227B2C51705200CC7DD6 /* RandomCVCell.swift in Sources */,
				BE2AFBBE2C4E822C00C6718C /* UIViewBuilder.swift in Sources */,
				BE5F22672C50F6D900CC7DD6 /* ProfileImageViewModel.swift in Sources */,
				8E768E8F2C51482D0062431F /* TopicViewModel.swift in Sources */,
				BE2AFB7E2C4E349E00C6718C /* DiffableCollectionViewType.swift in Sources */,
				BE2AFB572C4E2F0700C6718C /* CombineControlCompatible.swift in Sources */,
				BE2AFB692C4E333500C6718C /* WeakStorage.swift in Sources */,
				BE2AFB722C4E337200C6718C /* View.swift in Sources */,
				BE5F22A82C520E7900CC7DD6 /* SearchRequest.swift in Sources */,
				BE5F22B22C52107800CC7DD6 /* RandomDTO.swift in Sources */,
				BE2AFB9C2C4E437200C6718C /* UIFont+.swift in Sources */,
				BE2AFB752C4E340E00C6718C /* BaseViewController.swift in Sources */,
				8E768E362C4EC5A10062431F /* RegexValidator.swift in Sources */,
				BE2AFB5F2C4E2FB800C6718C /* UICollectionViewDelegateProxy.swift in Sources */,
				BE2AFBAE2C4E53B800C6718C /* IntegerLiteralType+.swift in Sources */,
				BE5F22E52C524ACF00CC7DD6 /* CacheStorage.swift in Sources */,
				BE5F22D62C523FD100CC7DD6 /* Date+.swift in Sources */,
				8E768E3F2C5017950062431F /* EndpointRepresentable.swift in Sources */,
				BE5F22E72C524B1800CC7DD6 /* CacheWrapper.swift in Sources */,
				BE2AFBB62C4E61DE00C6718C /* MBTI.swift in Sources */,
				8E768E512C501E080062431F /* TopicEndpoint.swift in Sources */,
				BE2AFBCB2C4E9EA900C6718C /* CircleButton.swift in Sources */,
				BE5F226F2C50FC5700CC7DD6 /* ProfileImageSection.swift in Sources */,
				8E768E4C2C501AD10062431F /* HTTPMethod.swift in Sources */,
				8E768E8D2C5147E90062431F /* ToastView.swift in Sources */,
				BE5F22432C4FAA0B00CC7DD6 /* TopicCVCell.swift in Sources */,
				BE5F22692C50F6E000CC7DD6 /* ProfileImageCVCell.swift in Sources */,
				BE2AFBBB2C4E7D8000C6718C /* BaseStackView.swift in Sources */,
				BE5F22472C4FAAF200CC7DD6 /* TopicViewController.swift in Sources */,
				BE2AFBC42C4E884D00C6718C /* MBTIElementSelectionView.swift in Sources */,
				BE2AFBB92C4E655B00C6718C /* ProfileSettingViewController.swift in Sources */,
				BE2AFB552C4E2EAC00C6718C /* CancelBag.swift in Sources */,
				BE2AFBD12C4EA29A00C6718C /* BaseButton.swift in Sources */,
				BE5F22F52C526D6400CC7DD6 /* Appearance.swift in Sources */,
				BE5F22DA2C52449000CC7DD6 /* RandomViewModel.swift in Sources */,
				BE2AFB892C4E36DD00C6718C /* Logger.swift in Sources */,
				BE2AFB842C4E34E800C6718C /* ModernCollectionView.swift in Sources */,
				BE2AFBCD2C4EA04300C6718C /* ToggleView.swift in Sources */,
				BE5F22792C51704D00CC7DD6 /* RandomCollectionView.swift in Sources */,
				BE5F22DC2C52488200CC7DD6 /* ImageCreateInfoView.swift in Sources */,
				BE2AFBC62C4E8A9400C6718C /* ProfileSettingViewModel.swift in Sources */,
				BE2AFB702C4E336D00C6718C /* ViewModel.swift in Sources */,
				BE5F226D2C50FC5100CC7DD6 /* ProfileImageItem.swift in Sources */,
				BE2AFB672C4E329D00C6718C /* Weak.swift in Sources */,
				BE5F22762C51043C00CC7DD6 /* RandomViewController.swift in Sources */,
				BE2AFBC02C4E823900C6718C /* DeclarativeStackView.swift in Sources */,
				BE5F224D2C4FB23500CC7DD6 /* TopicDTO.swift in Sources */,
				BE2AFBC22C4E882E00C6718C /* MBTISelectionView.swift in Sources */,
				BE2AFB772C4E342200C6718C /* BaseCollectionViewCell.swift in Sources */,
				BE5F22F32C52667000CC7DD6 /* DateFormat.swift in Sources */,
				8E768E412C50179A0062431F /* Scheme.swift in Sources */,
				BE2AFB2C2C4E280400C6718C /* OnboardingViewController.swift in Sources */,
				BE2AFB802C4E34BD00C6718C /* SectionData.swift in Sources */,
				BE2AFBA62C4E4B9800C6718C /* Observable+UIKit.swift in Sources */,
				BE2AFB822C4E34C900C6718C /* CompositionalCollectionViewType.swift in Sources */,
				8E768E8B2C513EE40062431F /* CapsuleView.swift in Sources */,
				BE2AFB9A2C4E3E3F00C6718C /* MPDesign.swift in Sources */,
				BE2AFBB22C4E612D00C6718C /* OnboardingViewModel.swift in Sources */,
				BE5F226B2C50F6FA00CC7DD6 /* ProfileImageCollectionView.swift in Sources */,
				BE2AFB282C4E280400C6718C /* AppDelegate.swift in Sources */,
				BE2AFB9F2C4E444500C6718C /* Observable.swift in Sources */,
				BE2AFBAC2C4E510800C6718C /* UIButton+.swift in Sources */,
				BE2AFB6B2C4E334200C6718C /* DeinitHandler.swift in Sources */,
				BE5F22AC2C520F5500CC7DD6 /* RandomEndpoint.swift in Sources */,
				BE2AFB6E2C4E335F00C6718C /* ViewModelStorage.swift in Sources */,
				BE5F22712C50FCA100CC7DD6 /* TopicSection.swift in Sources */,
				BE2AFBB02C4E579700C6718C /* ObservableBag.swift in Sources */,
				BE2AFB632C4E2FCD00C6718C /* Publisher+.swift in Sources */,
				BE5F22E12C524AB100CC7DD6 /* CacheConfiguration.swift in Sources */,
				BE5F22D82C5243E800CC7DD6 /* RandomImage.swift in Sources */,
				BE2AFBAA2C4E4C4600C6718C /* ObservableCollectionViewDelegateProxy.swift in Sources */,
				BE5F22342C4F944D00CC7DD6 /* RealmStorage+Migration.swift in Sources */,
				BE2AFB612C4E2FC600C6718C /* UIKit+Combine.swift in Sources */,
				BE5F22492C4FAD5700CC7DD6 /* NSDirectionalEdgeInsets+.swift in Sources */,
				BE2AFBA42C4E487800C6718C /* Literal.swift in Sources */,
				8E768E4F2C501DF40062431F /* TopicRequest.swift in Sources */,
				BE5F22DF2C524A9D00CC7DD6 /* CacheableObject.swift in Sources */,
				8E768E462C50192A0062431F /* UnsplashEndpoint.swift in Sources */,
				BE5F22E32C524AC100CC7DD6 /* CacheService.swift in Sources */,
				BE5F22452C4FAA4200CC7DD6 /* TopicCollectionView.swift in Sources */,
				BE2AFB7B2C4E342C00C6718C /* BaseView.swift in Sources */,
				8E768E592C508F3F0062431F /* MinimumUnsplashImage.swift in Sources */,
				BE2AFB942C4E3A8A00C6718C /* UIViewController+.swift in Sources */,
				BE5F22622C50D2B600CC7DD6 /* ProfileImageEditViewController.swift in Sources */,
				BE5F22AE2C520F9700CC7DD6 /* RandomRepository.swift in Sources */,
				BE2AFB912C4E38C200C6718C /* UserDefaultsKey.swift in Sources */,
				8E768E4A2C5019E80062431F /* Secret.swift in Sources */,
				8E768E382C4EC5CA0062431F /* NicknameValidator.swift in Sources */,
				BE5F22302C4F933500CC7DD6 /* RealmStorage.swift in Sources */,
				BE2AFB862C4E355A00C6718C /* RegistrableCellType.swift in Sources */,
				BE2AFB5D2C4E2FB100C6718C /* UITableViewDelegateProxy.swift in Sources */,
				BE2AFB2A2C4E280400C6718C /* SceneDelegate.swift in Sources */,
				BE2AFBCF2C4EA05300C6718C /* MBTIButton.swift in Sources */,
				8E768E542C501E800062431F /* TopicRepository.swift in Sources */,
			);
			runOnlyForDeploymentPostprocessing = 0;
		};
		BE5F22532C4FB53400CC7DD6 /* Sources */ = {
			isa = PBXSourcesBuildPhase;
			buildActionMask = 2147483647;
			files = (
				BE5F225A2C4FB53400CC7DD6 /* DTOParseTests.swift in Sources */,
			);
			runOnlyForDeploymentPostprocessing = 0;
		};
/* End PBXSourcesBuildPhase section */

/* Begin PBXTargetDependency section */
		BE5F225C2C4FB53400CC7DD6 /* PBXTargetDependency */ = {
			isa = PBXTargetDependency;
			target = BE2AFB232C4E280400C6718C /* Polaroid */;
			targetProxy = BE5F225B2C4FB53400CC7DD6 /* PBXContainerItemProxy */;
		};
/* End PBXTargetDependency section */

/* Begin PBXVariantGroup section */
		BE2AFB322C4E280700C6718C /* LaunchScreen.storyboard */ = {
			isa = PBXVariantGroup;
			children = (
				BE2AFB332C4E280700C6718C /* Base */,
			);
			name = LaunchScreen.storyboard;
			sourceTree = "<group>";
		};
/* End PBXVariantGroup section */

/* Begin XCBuildConfiguration section */
		BE2AFB362C4E280700C6718C /* Debug */ = {
			isa = XCBuildConfiguration;
			buildSettings = {
				ALWAYS_SEARCH_USER_PATHS = NO;
				ASSETCATALOG_COMPILER_GENERATE_SWIFT_ASSET_SYMBOL_EXTENSIONS = YES;
				CLANG_ANALYZER_NONNULL = YES;
				CLANG_ANALYZER_NUMBER_OBJECT_CONVERSION = YES_AGGRESSIVE;
				CLANG_CXX_LANGUAGE_STANDARD = "gnu++20";
				CLANG_ENABLE_MODULES = YES;
				CLANG_ENABLE_OBJC_ARC = YES;
				CLANG_ENABLE_OBJC_WEAK = YES;
				CLANG_WARN_BLOCK_CAPTURE_AUTORELEASING = YES;
				CLANG_WARN_BOOL_CONVERSION = YES;
				CLANG_WARN_COMMA = YES;
				CLANG_WARN_CONSTANT_CONVERSION = YES;
				CLANG_WARN_DEPRECATED_OBJC_IMPLEMENTATIONS = YES;
				CLANG_WARN_DIRECT_OBJC_ISA_USAGE = YES_ERROR;
				CLANG_WARN_DOCUMENTATION_COMMENTS = YES;
				CLANG_WARN_EMPTY_BODY = YES;
				CLANG_WARN_ENUM_CONVERSION = YES;
				CLANG_WARN_INFINITE_RECURSION = YES;
				CLANG_WARN_INT_CONVERSION = YES;
				CLANG_WARN_NON_LITERAL_NULL_CONVERSION = YES;
				CLANG_WARN_OBJC_IMPLICIT_RETAIN_SELF = YES;
				CLANG_WARN_OBJC_LITERAL_CONVERSION = YES;
				CLANG_WARN_OBJC_ROOT_CLASS = YES_ERROR;
				CLANG_WARN_QUOTED_INCLUDE_IN_FRAMEWORK_HEADER = YES;
				CLANG_WARN_RANGE_LOOP_ANALYSIS = YES;
				CLANG_WARN_STRICT_PROTOTYPES = YES;
				CLANG_WARN_SUSPICIOUS_MOVE = YES;
				CLANG_WARN_UNGUARDED_AVAILABILITY = YES_AGGRESSIVE;
				CLANG_WARN_UNREACHABLE_CODE = YES;
				CLANG_WARN__DUPLICATE_METHOD_MATCH = YES;
				COPY_PHASE_STRIP = NO;
				DEBUG_INFORMATION_FORMAT = dwarf;
				ENABLE_STRICT_OBJC_MSGSEND = YES;
				ENABLE_TESTABILITY = YES;
				ENABLE_USER_SCRIPT_SANDBOXING = YES;
				GCC_C_LANGUAGE_STANDARD = gnu17;
				GCC_DYNAMIC_NO_PIC = NO;
				GCC_NO_COMMON_BLOCKS = YES;
				GCC_OPTIMIZATION_LEVEL = 0;
				GCC_PREPROCESSOR_DEFINITIONS = (
					"DEBUG=1",
					"$(inherited)",
				);
				GCC_WARN_64_TO_32_BIT_CONVERSION = YES;
				GCC_WARN_ABOUT_RETURN_TYPE = YES_ERROR;
				GCC_WARN_UNDECLARED_SELECTOR = YES;
				GCC_WARN_UNINITIALIZED_AUTOS = YES_AGGRESSIVE;
				GCC_WARN_UNUSED_FUNCTION = YES;
				GCC_WARN_UNUSED_VARIABLE = YES;
				IPHONEOS_DEPLOYMENT_TARGET = 15.0;
				LOCALIZATION_PREFERS_STRING_CATALOGS = YES;
				MTL_ENABLE_DEBUG_INFO = INCLUDE_SOURCE;
				MTL_FAST_MATH = YES;
				ONLY_ACTIVE_ARCH = YES;
				SDKROOT = iphoneos;
				SWIFT_ACTIVE_COMPILATION_CONDITIONS = "DEBUG $(inherited)";
				SWIFT_OPTIMIZATION_LEVEL = "-Onone";
			};
			name = Debug;
		};
		BE2AFB372C4E280700C6718C /* Release */ = {
			isa = XCBuildConfiguration;
			buildSettings = {
				ALWAYS_SEARCH_USER_PATHS = NO;
				ASSETCATALOG_COMPILER_GENERATE_SWIFT_ASSET_SYMBOL_EXTENSIONS = YES;
				CLANG_ANALYZER_NONNULL = YES;
				CLANG_ANALYZER_NUMBER_OBJECT_CONVERSION = YES_AGGRESSIVE;
				CLANG_CXX_LANGUAGE_STANDARD = "gnu++20";
				CLANG_ENABLE_MODULES = YES;
				CLANG_ENABLE_OBJC_ARC = YES;
				CLANG_ENABLE_OBJC_WEAK = YES;
				CLANG_WARN_BLOCK_CAPTURE_AUTORELEASING = YES;
				CLANG_WARN_BOOL_CONVERSION = YES;
				CLANG_WARN_COMMA = YES;
				CLANG_WARN_CONSTANT_CONVERSION = YES;
				CLANG_WARN_DEPRECATED_OBJC_IMPLEMENTATIONS = YES;
				CLANG_WARN_DIRECT_OBJC_ISA_USAGE = YES_ERROR;
				CLANG_WARN_DOCUMENTATION_COMMENTS = YES;
				CLANG_WARN_EMPTY_BODY = YES;
				CLANG_WARN_ENUM_CONVERSION = YES;
				CLANG_WARN_INFINITE_RECURSION = YES;
				CLANG_WARN_INT_CONVERSION = YES;
				CLANG_WARN_NON_LITERAL_NULL_CONVERSION = YES;
				CLANG_WARN_OBJC_IMPLICIT_RETAIN_SELF = YES;
				CLANG_WARN_OBJC_LITERAL_CONVERSION = YES;
				CLANG_WARN_OBJC_ROOT_CLASS = YES_ERROR;
				CLANG_WARN_QUOTED_INCLUDE_IN_FRAMEWORK_HEADER = YES;
				CLANG_WARN_RANGE_LOOP_ANALYSIS = YES;
				CLANG_WARN_STRICT_PROTOTYPES = YES;
				CLANG_WARN_SUSPICIOUS_MOVE = YES;
				CLANG_WARN_UNGUARDED_AVAILABILITY = YES_AGGRESSIVE;
				CLANG_WARN_UNREACHABLE_CODE = YES;
				CLANG_WARN__DUPLICATE_METHOD_MATCH = YES;
				COPY_PHASE_STRIP = NO;
				DEBUG_INFORMATION_FORMAT = "dwarf-with-dsym";
				ENABLE_NS_ASSERTIONS = NO;
				ENABLE_STRICT_OBJC_MSGSEND = YES;
				ENABLE_USER_SCRIPT_SANDBOXING = YES;
				GCC_C_LANGUAGE_STANDARD = gnu17;
				GCC_NO_COMMON_BLOCKS = YES;
				GCC_WARN_64_TO_32_BIT_CONVERSION = YES;
				GCC_WARN_ABOUT_RETURN_TYPE = YES_ERROR;
				GCC_WARN_UNDECLARED_SELECTOR = YES;
				GCC_WARN_UNINITIALIZED_AUTOS = YES_AGGRESSIVE;
				GCC_WARN_UNUSED_FUNCTION = YES;
				GCC_WARN_UNUSED_VARIABLE = YES;
				IPHONEOS_DEPLOYMENT_TARGET = 15.0;
				LOCALIZATION_PREFERS_STRING_CATALOGS = YES;
				MTL_ENABLE_DEBUG_INFO = NO;
				MTL_FAST_MATH = YES;
				SDKROOT = iphoneos;
				SWIFT_COMPILATION_MODE = wholemodule;
				VALIDATE_PRODUCT = YES;
			};
			name = Release;
		};
		BE2AFB392C4E280700C6718C /* Debug */ = {
			isa = XCBuildConfiguration;
			baseConfigurationReference = BE5F224A2C4FAF7100CC7DD6 /* Secret.xcconfig */;
			buildSettings = {
				ASSETCATALOG_COMPILER_APPICON_NAME = AppIcon;
				ASSETCATALOG_COMPILER_GLOBAL_ACCENT_COLOR_NAME = AccentColor;
				CODE_SIGN_STYLE = Automatic;
				CURRENT_PROJECT_VERSION = 1;
				DEVELOPMENT_TEAM = ASU4PNB5MG;
				GENERATE_INFOPLIST_FILE = YES;
				INFOPLIST_FILE = Polaroid/Resources/Info.plist;
				INFOPLIST_KEY_UIApplicationSupportsIndirectInputEvents = YES;
				INFOPLIST_KEY_UILaunchStoryboardName = LaunchScreen;
				INFOPLIST_KEY_UISupportedInterfaceOrientations = UIInterfaceOrientationPortrait;
				INFOPLIST_KEY_UIUserInterfaceStyle = Light;
				IPHONEOS_DEPLOYMENT_TARGET = 15.0;
				LD_RUNPATH_SEARCH_PATHS = (
					"$(inherited)",
					"@executable_path/Frameworks",
				);
				MARKETING_VERSION = 0.1;
				PRODUCT_BUNDLE_IDENTIFIER = com.geonseobkim.Polaroid;
				PRODUCT_NAME = "$(TARGET_NAME)";
				SUPPORTED_PLATFORMS = "iphoneos iphonesimulator";
				SUPPORTS_MACCATALYST = NO;
				SUPPORTS_MAC_DESIGNED_FOR_IPHONE_IPAD = NO;
				SUPPORTS_XR_DESIGNED_FOR_IPHONE_IPAD = NO;
				SWIFT_EMIT_LOC_STRINGS = YES;
				SWIFT_VERSION = 5.0;
				TARGETED_DEVICE_FAMILY = 1;
			};
			name = Debug;
		};
		BE2AFB3A2C4E280700C6718C /* Release */ = {
			isa = XCBuildConfiguration;
			buildSettings = {
				ASSETCATALOG_COMPILER_APPICON_NAME = AppIcon;
				ASSETCATALOG_COMPILER_GLOBAL_ACCENT_COLOR_NAME = AccentColor;
				CODE_SIGN_STYLE = Automatic;
				CURRENT_PROJECT_VERSION = 1;
				DEVELOPMENT_TEAM = ASU4PNB5MG;
				GENERATE_INFOPLIST_FILE = YES;
				INFOPLIST_FILE = Polaroid/Resources/Info.plist;
				INFOPLIST_KEY_UIApplicationSupportsIndirectInputEvents = YES;
				INFOPLIST_KEY_UILaunchStoryboardName = LaunchScreen;
				INFOPLIST_KEY_UISupportedInterfaceOrientations = UIInterfaceOrientationPortrait;
				INFOPLIST_KEY_UIUserInterfaceStyle = Light;
				IPHONEOS_DEPLOYMENT_TARGET = 15.0;
				LD_RUNPATH_SEARCH_PATHS = (
					"$(inherited)",
					"@executable_path/Frameworks",
				);
				MARKETING_VERSION = 0.1;
				PRODUCT_BUNDLE_IDENTIFIER = com.geonseobkim.Polaroid;
				PRODUCT_NAME = "$(TARGET_NAME)";
				SUPPORTED_PLATFORMS = "iphoneos iphonesimulator";
				SUPPORTS_MACCATALYST = NO;
				SUPPORTS_MAC_DESIGNED_FOR_IPHONE_IPAD = NO;
				SUPPORTS_XR_DESIGNED_FOR_IPHONE_IPAD = NO;
				SWIFT_EMIT_LOC_STRINGS = YES;
				SWIFT_VERSION = 5.0;
				TARGETED_DEVICE_FAMILY = 1;
			};
			name = Release;
		};
		BE5F225E2C4FB53400CC7DD6 /* Debug */ = {
			isa = XCBuildConfiguration;
			buildSettings = {
				BUNDLE_LOADER = "$(TEST_HOST)";
				CODE_SIGN_STYLE = Automatic;
				CURRENT_PROJECT_VERSION = 1;
				DEVELOPMENT_TEAM = ASU4PNB5MG;
				GENERATE_INFOPLIST_FILE = YES;
				IPHONEOS_DEPLOYMENT_TARGET = 15.0;
				MARKETING_VERSION = 1.0;
				PRODUCT_BUNDLE_IDENTIFIER = com.geonseobkim.PolaroidTests;
				PRODUCT_NAME = "$(TARGET_NAME)";
				SUPPORTED_PLATFORMS = "iphoneos iphonesimulator";
				SUPPORTS_MACCATALYST = NO;
				SUPPORTS_MAC_DESIGNED_FOR_IPHONE_IPAD = NO;
				SUPPORTS_XR_DESIGNED_FOR_IPHONE_IPAD = NO;
				SWIFT_EMIT_LOC_STRINGS = NO;
				SWIFT_VERSION = 5.0;
				TARGETED_DEVICE_FAMILY = 1;
				TEST_HOST = "$(BUILT_PRODUCTS_DIR)/Polaroid.app/$(BUNDLE_EXECUTABLE_FOLDER_PATH)/Polaroid";
			};
			name = Debug;
		};
		BE5F225F2C4FB53400CC7DD6 /* Release */ = {
			isa = XCBuildConfiguration;
			buildSettings = {
				BUNDLE_LOADER = "$(TEST_HOST)";
				CODE_SIGN_STYLE = Automatic;
				CURRENT_PROJECT_VERSION = 1;
				DEVELOPMENT_TEAM = ASU4PNB5MG;
				GENERATE_INFOPLIST_FILE = YES;
				IPHONEOS_DEPLOYMENT_TARGET = 15.0;
				MARKETING_VERSION = 1.0;
				PRODUCT_BUNDLE_IDENTIFIER = com.geonseobkim.PolaroidTests;
				PRODUCT_NAME = "$(TARGET_NAME)";
				SUPPORTED_PLATFORMS = "iphoneos iphonesimulator";
				SUPPORTS_MACCATALYST = NO;
				SUPPORTS_MAC_DESIGNED_FOR_IPHONE_IPAD = NO;
				SUPPORTS_XR_DESIGNED_FOR_IPHONE_IPAD = NO;
				SWIFT_EMIT_LOC_STRINGS = NO;
				SWIFT_VERSION = 5.0;
				TARGETED_DEVICE_FAMILY = 1;
				TEST_HOST = "$(BUILT_PRODUCTS_DIR)/Polaroid.app/$(BUNDLE_EXECUTABLE_FOLDER_PATH)/Polaroid";
			};
			name = Release;
		};
/* End XCBuildConfiguration section */

/* Begin XCConfigurationList section */
		BE2AFB1F2C4E280400C6718C /* Build configuration list for PBXProject "Polaroid" */ = {
			isa = XCConfigurationList;
			buildConfigurations = (
				BE2AFB362C4E280700C6718C /* Debug */,
				BE2AFB372C4E280700C6718C /* Release */,
			);
			defaultConfigurationIsVisible = 0;
			defaultConfigurationName = Release;
		};
		BE2AFB382C4E280700C6718C /* Build configuration list for PBXNativeTarget "Polaroid" */ = {
			isa = XCConfigurationList;
			buildConfigurations = (
				BE2AFB392C4E280700C6718C /* Debug */,
				BE2AFB3A2C4E280700C6718C /* Release */,
			);
			defaultConfigurationIsVisible = 0;
			defaultConfigurationName = Release;
		};
		BE5F225D2C4FB53400CC7DD6 /* Build configuration list for PBXNativeTarget "PolaroidTests" */ = {
			isa = XCConfigurationList;
			buildConfigurations = (
				BE5F225E2C4FB53400CC7DD6 /* Debug */,
				BE5F225F2C4FB53400CC7DD6 /* Release */,
			);
			defaultConfigurationIsVisible = 0;
			defaultConfigurationName = Release;
		};
/* End XCConfigurationList section */

/* Begin XCRemoteSwiftPackageReference section */
		BE2AFB442C4E2C0200C6718C /* XCRemoteSwiftPackageReference "realm-swift" */ = {
			isa = XCRemoteSwiftPackageReference;
			repositoryURL = "https://github.com/realm/realm-swift.git";
			requirement = {
				branch = master;
				kind = branch;
			};
		};
		BE2AFB472C4E2C1800C6718C /* XCRemoteSwiftPackageReference "Alamofire" */ = {
			isa = XCRemoteSwiftPackageReference;
			repositoryURL = "https://github.com/Alamofire/Alamofire.git";
			requirement = {
				kind = upToNextMajorVersion;
				minimumVersion = 5.9.1;
			};
		};
		BE2AFB4A2C4E2C4B00C6718C /* XCRemoteSwiftPackageReference "Neat" */ = {
			isa = XCRemoteSwiftPackageReference;
			repositoryURL = "https://github.com/gnksbm/Neat.git";
			requirement = {
				branch = main;
				kind = branch;
			};
		};
		BE2AFBA02C4E481B00C6718C /* XCRemoteSwiftPackageReference "SnapKit" */ = {
			isa = XCRemoteSwiftPackageReference;
			repositoryURL = "https://github.com/SnapKit/SnapKit.git";
			requirement = {
				kind = upToNextMajorVersion;
				minimumVersion = 5.7.1;
			};
		};
		BE5F22EF2C52644600CC7DD6 /* XCRemoteSwiftPackageReference "Kingfisher" */ = {
			isa = XCRemoteSwiftPackageReference;
			repositoryURL = "https://github.com/onevcat/Kingfisher";
			requirement = {
				kind = upToNextMajorVersion;
				minimumVersion = 7.12.0;
			};
		};
/* End XCRemoteSwiftPackageReference section */

/* Begin XCSwiftPackageProductDependency section */
		BE2AFB452C4E2C0200C6718C /* RealmSwift */ = {
			isa = XCSwiftPackageProductDependency;
			package = BE2AFB442C4E2C0200C6718C /* XCRemoteSwiftPackageReference "realm-swift" */;
			productName = RealmSwift;
		};
		BE2AFB482C4E2C1800C6718C /* Alamofire */ = {
			isa = XCSwiftPackageProductDependency;
			package = BE2AFB472C4E2C1800C6718C /* XCRemoteSwiftPackageReference "Alamofire" */;
			productName = Alamofire;
		};
		BE2AFB4B2C4E2C4B00C6718C /* Neat */ = {
			isa = XCSwiftPackageProductDependency;
			package = BE2AFB4A2C4E2C4B00C6718C /* XCRemoteSwiftPackageReference "Neat" */;
			productName = Neat;
		};
		BE2AFBA12C4E481B00C6718C /* SnapKit */ = {
			isa = XCSwiftPackageProductDependency;
			package = BE2AFBA02C4E481B00C6718C /* XCRemoteSwiftPackageReference "SnapKit" */;
			productName = SnapKit;
		};
		BE5F22F02C52644600CC7DD6 /* Kingfisher */ = {
			isa = XCSwiftPackageProductDependency;
			package = BE5F22EF2C52644600CC7DD6 /* XCRemoteSwiftPackageReference "Kingfisher" */;
			productName = Kingfisher;
		};
/* End XCSwiftPackageProductDependency section */
	};
	rootObject = BE2AFB1C2C4E280400C6718C /* Project object */;
}
